// !$*UTF8*$!
{
	archiveVersion = 1;
	classes = {
	};
	objectVersion = 48;
	objects = {

/* Begin PBXBuildFile section */
		BF0E994E9A0187DF670162F4 /* Pods_iNatLite.framework in Frameworks */ = {isa = PBXBuildFile; fileRef = 1007378444A1EA1076E2E3AC /* Pods_iNatLite.framework */; };
		EFB13ABEA158E2F358ADB965 /* Pods_iNatLiteTests.framework in Frameworks */ = {isa = PBXBuildFile; fileRef = F3F37436BEC5D686E837C570 /* Pods_iNatLiteTests.framework */; };
		FA0A0DB7204085FB005B19F9 /* TaxaResponse.swift in Sources */ = {isa = PBXBuildFile; fileRef = FA0A0DB6204085FB005B19F9 /* TaxaResponse.swift */; };
		FA0A0DBB204099FB005B19F9 /* SpeciesNameCell.swift in Sources */ = {isa = PBXBuildFile; fileRef = FA0A0DBA204099FB005B19F9 /* SpeciesNameCell.swift */; };
		FA0A0DBD20409A0B005B19F9 /* SpeciesLocationCell.swift in Sources */ = {isa = PBXBuildFile; fileRef = FA0A0DBC20409A0B005B19F9 /* SpeciesLocationCell.swift */; };
		FA0A0DBF20409A35005B19F9 /* SpeciesPhenologyCell.swift in Sources */ = {isa = PBXBuildFile; fileRef = FA0A0DBE20409A35005B19F9 /* SpeciesPhenologyCell.swift */; };
		FA0A0DC120409A44005B19F9 /* SpeciesAboutCell.swift in Sources */ = {isa = PBXBuildFile; fileRef = FA0A0DC020409A44005B19F9 /* SpeciesAboutCell.swift */; };
		FA0A0DC320409A5A005B19F9 /* SpeciesSeenStatsCell.swift in Sources */ = {isa = PBXBuildFile; fileRef = FA0A0DC220409A5A005B19F9 /* SpeciesSeenStatsCell.swift */; };
		FA0A0DC52040A35B005B19F9 /* SpeciesCategoryCell.swift in Sources */ = {isa = PBXBuildFile; fileRef = FA0A0DC42040A35B005B19F9 /* SpeciesCategoryCell.swift */; };
		FA0A0DC72040B540005B19F9 /* BoundingBoxResponse.swift in Sources */ = {isa = PBXBuildFile; fileRef = FA0A0DC62040B540005B19F9 /* BoundingBoxResponse.swift */; };
		FA0A0DC92040B556005B19F9 /* BoundingBox.swift in Sources */ = {isa = PBXBuildFile; fileRef = FA0A0DC82040B556005B19F9 /* BoundingBox.swift */; };
		FA0A0DCB2040BDF9005B19F9 /* HistogramResponse.swift in Sources */ = {isa = PBXBuildFile; fileRef = FA0A0DCA2040BDF9005B19F9 /* HistogramResponse.swift */; };
		FA0A0DCD2040BE04005B19F9 /* Histogram.swift in Sources */ = {isa = PBXBuildFile; fileRef = FA0A0DCC2040BE04005B19F9 /* Histogram.swift */; };
		FA1DE1582034C77A00ACBD17 /* AppDelegate.swift in Sources */ = {isa = PBXBuildFile; fileRef = FA1DE1572034C77A00ACBD17 /* AppDelegate.swift */; };
		FA1DE15D2034C77A00ACBD17 /* Main.storyboard in Resources */ = {isa = PBXBuildFile; fileRef = FA1DE15B2034C77A00ACBD17 /* Main.storyboard */; };
		FA1DE15F2034C77A00ACBD17 /* Assets.xcassets in Resources */ = {isa = PBXBuildFile; fileRef = FA1DE15E2034C77A00ACBD17 /* Assets.xcassets */; };
		FA1DE1622034C77A00ACBD17 /* LaunchScreen.storyboard in Resources */ = {isa = PBXBuildFile; fileRef = FA1DE1602034C77A00ACBD17 /* LaunchScreen.storyboard */; };
		FA1DE1782034C77A00ACBD17 /* iNatLiteUITests.swift in Sources */ = {isa = PBXBuildFile; fileRef = FA1DE1772034C77A00ACBD17 /* iNatLiteUITests.swift */; };
		FA1DE1892034CF1600ACBD17 /* ChallengesViewController.swift in Sources */ = {isa = PBXBuildFile; fileRef = FA1DE1882034CF1600ACBD17 /* ChallengesViewController.swift */; };
		FA1DE18B2034CF2E00ACBD17 /* YourCollectionViewController.swift in Sources */ = {isa = PBXBuildFile; fileRef = FA1DE18A2034CF2E00ACBD17 /* YourCollectionViewController.swift */; };
		FA1DE18D2034CF4400ACBD17 /* BadgesViewController.swift in Sources */ = {isa = PBXBuildFile; fileRef = FA1DE18C2034CF4400ACBD17 /* BadgesViewController.swift */; };
		FA1DE18F2034CF6300ACBD17 /* SpeciesDetailViewController.swift in Sources */ = {isa = PBXBuildFile; fileRef = FA1DE18E2034CF6300ACBD17 /* SpeciesDetailViewController.swift */; };
		FA1DE1932034D78200ACBD17 /* SpeciesCollectionView.xib in Resources */ = {isa = PBXBuildFile; fileRef = FA1DE1922034D78200ACBD17 /* SpeciesCollectionView.xib */; };
		FA1DE1952034DA5700ACBD17 /* SpeciesCollectionViewCell.swift in Sources */ = {isa = PBXBuildFile; fileRef = FA1DE1942034DA5700ACBD17 /* SpeciesCollectionViewCell.swift */; };
		FA1DE1982034DE0A00ACBD17 /* UIColor+INatLite.swift in Sources */ = {isa = PBXBuildFile; fileRef = FA1DE1972034DE0A00ACBD17 /* UIColor+INatLite.swift */; };
		FA1DE19B2034F53F00ACBD17 /* Place.swift in Sources */ = {isa = PBXBuildFile; fileRef = FA1DE19A2034F53F00ACBD17 /* Place.swift */; };
		FA1DE19E2034F5A400ACBD17 /* NearbyPlaceResponse.swift in Sources */ = {isa = PBXBuildFile; fileRef = FA1DE19D2034F5A400ACBD17 /* NearbyPlaceResponse.swift */; };
		FA1DE1A02034F6CB00ACBD17 /* ChallengesHeaderView.swift in Sources */ = {isa = PBXBuildFile; fileRef = FA1DE19F2034F6CB00ACBD17 /* ChallengesHeaderView.swift */; };
		FA1DE1A22034F95100ACBD17 /* Taxon.swift in Sources */ = {isa = PBXBuildFile; fileRef = FA1DE1A12034F95100ACBD17 /* Taxon.swift */; };
		FA1DE1A62034FA1400ACBD17 /* SpeciesCountResponse.swift in Sources */ = {isa = PBXBuildFile; fileRef = FA1DE1A52034FA1400ACBD17 /* SpeciesCountResponse.swift */; };
		FA1DE1AA203765D800ACBD17 /* ChallengeResultsViewController.swift in Sources */ = {isa = PBXBuildFile; fileRef = FA1DE1A9203765D800ACBD17 /* ChallengeResultsViewController.swift */; };
		FA1DE1AC203775DD00ACBD17 /* ScoreResponse.swift in Sources */ = {isa = PBXBuildFile; fileRef = FA1DE1AB203775DD00ACBD17 /* ScoreResponse.swift */; };
		FA1DE1AE2037761D00ACBD17 /* Config.swift in Sources */ = {isa = PBXBuildFile; fileRef = FA1DE1AD2037761D00ACBD17 /* Config.swift */; };
		FA1DE1B120377A8800ACBD17 /* ResultsTitleCell.swift in Sources */ = {isa = PBXBuildFile; fileRef = FA1DE1B020377A8800ACBD17 /* ResultsTitleCell.swift */; };
		FA1DE1B3203780E000ACBD17 /* ResultsDividerCell.swift in Sources */ = {isa = PBXBuildFile; fileRef = FA1DE1B2203780E000ACBD17 /* ResultsDividerCell.swift */; };
		FA1DE1B52037A06A00ACBD17 /* ResultsImageCell.swift in Sources */ = {isa = PBXBuildFile; fileRef = FA1DE1B42037A06A00ACBD17 /* ResultsImageCell.swift */; };
		FA1DE1B72037A07B00ACBD17 /* ResultsImageTaxonCell.swift in Sources */ = {isa = PBXBuildFile; fileRef = FA1DE1B62037A07B00ACBD17 /* ResultsImageTaxonCell.swift */; };
		FA1DE1BB2038A25400ACBD17 /* ResultsActionCell.swift in Sources */ = {isa = PBXBuildFile; fileRef = FA1DE1BA2038A25400ACBD17 /* ResultsActionCell.swift */; };
		FA1DE1BD203A21FF00ACBD17 /* LocationPickerViewController.swift in Sources */ = {isa = PBXBuildFile; fileRef = FA1DE1BC203A21FF00ACBD17 /* LocationPickerViewController.swift */; };
		FA1DE1BF203A3B8900ACBD17 /* LocationTagCell.swift in Sources */ = {isa = PBXBuildFile; fileRef = FA1DE1BE203A3B8900ACBD17 /* LocationTagCell.swift */; };
		FA323FDB20549F05006192C7 /* SplashViewController.swift in Sources */ = {isa = PBXBuildFile; fileRef = FA323FDA20549F05006192C7 /* SplashViewController.swift */; };
		FA6D75AC203B6EAE00C3535F /* TaxonPickerViewController.swift in Sources */ = {isa = PBXBuildFile; fileRef = FA6D75AB203B6EAE00C3535F /* TaxonPickerViewController.swift */; };
		FA6D75AE203B6FA300C3535F /* IconicTaxonCell.swift in Sources */ = {isa = PBXBuildFile; fileRef = FA6D75AD203B6FA300C3535F /* IconicTaxonCell.swift */; };
		FA6D75B3203BC07000C3535F /* ObservationRealm.swift in Sources */ = {isa = PBXBuildFile; fileRef = FA6D75B2203BC07000C3535F /* ObservationRealm.swift */; };
		FA7DF3AF2045FA5200B73B02 /* ToastView.xib in Resources */ = {isa = PBXBuildFile; fileRef = FA7DF3AE2045FA5200B73B02 /* ToastView.xib */; };
		FA7DF3B12045FB0700B73B02 /* ToastView.swift in Sources */ = {isa = PBXBuildFile; fileRef = FA7DF3B02045FB0700B73B02 /* ToastView.swift */; };
		FA7DF3B3204612AA00B73B02 /* Badges.plist in Resources */ = {isa = PBXBuildFile; fileRef = FA7DF3B2204612AA00B73B02 /* Badges.plist */; };
		FA9E5FB52043830C00CBC9DE /* TaxonRealm.swift in Sources */ = {isa = PBXBuildFile; fileRef = FA9E5FB42043830C00CBC9DE /* TaxonRealm.swift */; };
		FA9E5FB72043837000CBC9DE /* PhotoRealm.swift in Sources */ = {isa = PBXBuildFile; fileRef = FA9E5FB62043837000CBC9DE /* PhotoRealm.swift */; };
		FA9E5FB92043B13800CBC9DE /* SpeciesMapViewController.swift in Sources */ = {isa = PBXBuildFile; fileRef = FA9E5FB82043B13800CBC9DE /* SpeciesMapViewController.swift */; };
		FA9E5FC72044671500CBC9DE /* Whitney-BlackItalic-Pro.otf in Resources */ = {isa = PBXBuildFile; fileRef = FA9E5FBB2044671400CBC9DE /* Whitney-BlackItalic-Pro.otf */; };
		FA9E5FC82044671500CBC9DE /* Whitney-Black-Pro.otf in Resources */ = {isa = PBXBuildFile; fileRef = FA9E5FBC2044671400CBC9DE /* Whitney-Black-Pro.otf */; };
		FA9E5FC92044671500CBC9DE /* Whitney-Light-Pro.otf in Resources */ = {isa = PBXBuildFile; fileRef = FA9E5FBD2044671400CBC9DE /* Whitney-Light-Pro.otf */; };
		FA9E5FCA2044671500CBC9DE /* Whitney-MediumItalic-Pro.otf in Resources */ = {isa = PBXBuildFile; fileRef = FA9E5FBE2044671400CBC9DE /* Whitney-MediumItalic-Pro.otf */; };
		FA9E5FCB2044671500CBC9DE /* Whitney-BoldItalic-Pro.otf in Resources */ = {isa = PBXBuildFile; fileRef = FA9E5FBF2044671400CBC9DE /* Whitney-BoldItalic-Pro.otf */; };
		FA9E5FCC2044671500CBC9DE /* Whitney-BookItalic-Pro.otf in Resources */ = {isa = PBXBuildFile; fileRef = FA9E5FC02044671400CBC9DE /* Whitney-BookItalic-Pro.otf */; };
		FA9E5FCD2044671500CBC9DE /* Whitney-Semibold-Pro.otf in Resources */ = {isa = PBXBuildFile; fileRef = FA9E5FC12044671400CBC9DE /* Whitney-Semibold-Pro.otf */; };
		FA9E5FCE2044671500CBC9DE /* Whitney-Bold-Pro.otf in Resources */ = {isa = PBXBuildFile; fileRef = FA9E5FC22044671400CBC9DE /* Whitney-Bold-Pro.otf */; };
		FA9E5FCF2044671500CBC9DE /* Whitney-Medium-Pro.otf in Resources */ = {isa = PBXBuildFile; fileRef = FA9E5FC32044671400CBC9DE /* Whitney-Medium-Pro.otf */; };
		FA9E5FD02044671500CBC9DE /* Whitney-LightItalic-Pro.otf in Resources */ = {isa = PBXBuildFile; fileRef = FA9E5FC42044671500CBC9DE /* Whitney-LightItalic-Pro.otf */; };
		FA9E5FD12044671500CBC9DE /* Whitney-SemiboldItalic-Pro.otf in Resources */ = {isa = PBXBuildFile; fileRef = FA9E5FC52044671500CBC9DE /* Whitney-SemiboldItalic-Pro.otf */; };
		FA9E5FD22044671500CBC9DE /* Whitney-Book-Pro.otf in Resources */ = {isa = PBXBuildFile; fileRef = FA9E5FC62044671500CBC9DE /* Whitney-Book-Pro.otf */; };
		FAA2537E204C8FCE00D6EBAA /* CLLocationCoordinate2D+INatLite.swift in Sources */ = {isa = PBXBuildFile; fileRef = FAA2537D204C8FCE00D6EBAA /* CLLocationCoordinate2D+INatLite.swift */; };
		FAA25380204D0F1C00D6EBAA /* NSAttributedString+INatLite.swift in Sources */ = {isa = PBXBuildFile; fileRef = FAA2537F204D0F1C00D6EBAA /* NSAttributedString+INatLite.swift */; };
		FAA25382204DCC3E00D6EBAA /* Image+INatLite.swift in Sources */ = {isa = PBXBuildFile; fileRef = FAA25381204DCC3E00D6EBAA /* Image+INatLite.swift */; };
		FAB17008203F5E1B00967951 /* SpeciesImageCell.swift in Sources */ = {isa = PBXBuildFile; fileRef = FAB17007203F5E1B00967951 /* SpeciesImageCell.swift */; };
		FAC610142044CBC30024BC5E /* RadialGradientView.swift in Sources */ = {isa = PBXBuildFile; fileRef = FAC610132044CBC30024BC5E /* RadialGradientView.swift */; };
		FACB2D01204903280050053A /* AboutViewController.swift in Sources */ = {isa = PBXBuildFile; fileRef = FACB2D00204903280050053A /* AboutViewController.swift */; };
		FACB2D0620490EF50050053A /* MadeByCell.swift in Sources */ = {isa = PBXBuildFile; fileRef = FACB2D0520490EF50050053A /* MadeByCell.swift */; };
		FACB2D0D20490F4B0050053A /* INatCreditsCell.swift in Sources */ = {isa = PBXBuildFile; fileRef = FACB2D0C20490F4B0050053A /* INatCreditsCell.swift */; };
		FACB2D0F204A29D90050053A /* riffic-bold.ttf in Resources */ = {isa = PBXBuildFile; fileRef = FACB2D0E204A29D60050053A /* riffic-bold.ttf */; };
		FADB959220609D6F00DC64E8 /* PlaceTests.swift in Sources */ = {isa = PBXBuildFile; fileRef = FADB959120609D6F00DC64E8 /* PlaceTests.swift */; };
		FAEB5C0C20687D7500BA3132 /* INatApi.swift in Sources */ = {isa = PBXBuildFile; fileRef = FAEB5C0B20687D7500BA3132 /* INatApi.swift */; };
		FAEDCA442048BB560016CEA4 /* WarningsViewController.swift in Sources */ = {isa = PBXBuildFile; fileRef = FAEDCA432048BB560016CEA4 /* WarningsViewController.swift */; };
		FAF849C520434AA4009F10E3 /* BadgeRealm.swift in Sources */ = {isa = PBXBuildFile; fileRef = FAF849C420434AA4009F10E3 /* BadgeRealm.swift */; };
		FAF849C720434BFD009F10E3 /* BadgeCell.swift in Sources */ = {isa = PBXBuildFile; fileRef = FAF849C620434BFD009F10E3 /* BadgeCell.swift */; };
		FAF849C920434C13009F10E3 /* BadgeCell.xib in Resources */ = {isa = PBXBuildFile; fileRef = FAF849C820434C13009F10E3 /* BadgeCell.xib */; };
		FAF849CC20435C2A009F10E3 /* MyCollectionHeaderView.swift in Sources */ = {isa = PBXBuildFile; fileRef = FAF849CB20435C2A009F10E3 /* MyCollectionHeaderView.swift */; };
/* End PBXBuildFile section */

/* Begin PBXContainerItemProxy section */
		FA1DE1692034C77A00ACBD17 /* PBXContainerItemProxy */ = {
			isa = PBXContainerItemProxy;
			containerPortal = FA1DE14C2034C77A00ACBD17 /* Project object */;
			proxyType = 1;
			remoteGlobalIDString = FA1DE1532034C77A00ACBD17;
			remoteInfo = iNatLite;
		};
		FA1DE1742034C77A00ACBD17 /* PBXContainerItemProxy */ = {
			isa = PBXContainerItemProxy;
			containerPortal = FA1DE14C2034C77A00ACBD17 /* Project object */;
			proxyType = 1;
			remoteGlobalIDString = FA1DE1532034C77A00ACBD17;
			remoteInfo = iNatLite;
		};
/* End PBXContainerItemProxy section */

/* Begin PBXFileReference section */
		1007378444A1EA1076E2E3AC /* Pods_iNatLite.framework */ = {isa = PBXFileReference; explicitFileType = wrapper.framework; includeInIndex = 0; path = Pods_iNatLite.framework; sourceTree = BUILT_PRODUCTS_DIR; };
		2F9670547C9A6ADF5EDC2959 /* Pods-iNatLiteTests.release.xcconfig */ = {isa = PBXFileReference; includeInIndex = 1; lastKnownFileType = text.xcconfig; name = "Pods-iNatLiteTests.release.xcconfig"; path = "Pods/Target Support Files/Pods-iNatLiteTests/Pods-iNatLiteTests.release.xcconfig"; sourceTree = "<group>"; };
		879C91F67D5FBD7BCDA49BDD /* Pods-iNatLite.release.xcconfig */ = {isa = PBXFileReference; includeInIndex = 1; lastKnownFileType = text.xcconfig; name = "Pods-iNatLite.release.xcconfig"; path = "Pods/Target Support Files/Pods-iNatLite/Pods-iNatLite.release.xcconfig"; sourceTree = "<group>"; };
		A1D68563C664268D1467A5B4 /* Pods-iNatLiteTests.debug.xcconfig */ = {isa = PBXFileReference; includeInIndex = 1; lastKnownFileType = text.xcconfig; name = "Pods-iNatLiteTests.debug.xcconfig"; path = "Pods/Target Support Files/Pods-iNatLiteTests/Pods-iNatLiteTests.debug.xcconfig"; sourceTree = "<group>"; };
		CBC22DC9357BCAC8DA7FB1D7 /* Pods-iNatLite.debug.xcconfig */ = {isa = PBXFileReference; includeInIndex = 1; lastKnownFileType = text.xcconfig; name = "Pods-iNatLite.debug.xcconfig"; path = "Pods/Target Support Files/Pods-iNatLite/Pods-iNatLite.debug.xcconfig"; sourceTree = "<group>"; };
		F3F37436BEC5D686E837C570 /* Pods_iNatLiteTests.framework */ = {isa = PBXFileReference; explicitFileType = wrapper.framework; includeInIndex = 0; path = Pods_iNatLiteTests.framework; sourceTree = BUILT_PRODUCTS_DIR; };
		FA0A0DB6204085FB005B19F9 /* TaxaResponse.swift */ = {isa = PBXFileReference; lastKnownFileType = sourcecode.swift; path = TaxaResponse.swift; sourceTree = "<group>"; };
		FA0A0DBA204099FB005B19F9 /* SpeciesNameCell.swift */ = {isa = PBXFileReference; lastKnownFileType = sourcecode.swift; path = SpeciesNameCell.swift; sourceTree = "<group>"; };
		FA0A0DBC20409A0B005B19F9 /* SpeciesLocationCell.swift */ = {isa = PBXFileReference; lastKnownFileType = sourcecode.swift; path = SpeciesLocationCell.swift; sourceTree = "<group>"; };
		FA0A0DBE20409A35005B19F9 /* SpeciesPhenologyCell.swift */ = {isa = PBXFileReference; lastKnownFileType = sourcecode.swift; path = SpeciesPhenologyCell.swift; sourceTree = "<group>"; };
		FA0A0DC020409A44005B19F9 /* SpeciesAboutCell.swift */ = {isa = PBXFileReference; lastKnownFileType = sourcecode.swift; path = SpeciesAboutCell.swift; sourceTree = "<group>"; };
		FA0A0DC220409A5A005B19F9 /* SpeciesSeenStatsCell.swift */ = {isa = PBXFileReference; lastKnownFileType = sourcecode.swift; path = SpeciesSeenStatsCell.swift; sourceTree = "<group>"; };
		FA0A0DC42040A35B005B19F9 /* SpeciesCategoryCell.swift */ = {isa = PBXFileReference; lastKnownFileType = sourcecode.swift; path = SpeciesCategoryCell.swift; sourceTree = "<group>"; };
		FA0A0DC62040B540005B19F9 /* BoundingBoxResponse.swift */ = {isa = PBXFileReference; lastKnownFileType = sourcecode.swift; path = BoundingBoxResponse.swift; sourceTree = "<group>"; };
		FA0A0DC82040B556005B19F9 /* BoundingBox.swift */ = {isa = PBXFileReference; lastKnownFileType = sourcecode.swift; path = BoundingBox.swift; sourceTree = "<group>"; };
		FA0A0DCA2040BDF9005B19F9 /* HistogramResponse.swift */ = {isa = PBXFileReference; lastKnownFileType = sourcecode.swift; path = HistogramResponse.swift; sourceTree = "<group>"; };
		FA0A0DCC2040BE04005B19F9 /* Histogram.swift */ = {isa = PBXFileReference; lastKnownFileType = sourcecode.swift; path = Histogram.swift; sourceTree = "<group>"; };
		FA1DE1542034C77A00ACBD17 /* iNatLite.app */ = {isa = PBXFileReference; explicitFileType = wrapper.application; includeInIndex = 0; path = iNatLite.app; sourceTree = BUILT_PRODUCTS_DIR; };
		FA1DE1572034C77A00ACBD17 /* AppDelegate.swift */ = {isa = PBXFileReference; lastKnownFileType = sourcecode.swift; path = AppDelegate.swift; sourceTree = "<group>"; };
		FA1DE15C2034C77A00ACBD17 /* Base */ = {isa = PBXFileReference; lastKnownFileType = file.storyboard; name = Base; path = Base.lproj/Main.storyboard; sourceTree = "<group>"; };
		FA1DE15E2034C77A00ACBD17 /* Assets.xcassets */ = {isa = PBXFileReference; lastKnownFileType = folder.assetcatalog; path = Assets.xcassets; sourceTree = "<group>"; };
		FA1DE1612034C77A00ACBD17 /* Base */ = {isa = PBXFileReference; lastKnownFileType = file.storyboard; name = Base; path = Base.lproj/LaunchScreen.storyboard; sourceTree = "<group>"; };
		FA1DE1632034C77A00ACBD17 /* Info.plist */ = {isa = PBXFileReference; lastKnownFileType = text.plist.xml; path = Info.plist; sourceTree = "<group>"; };
		FA1DE1682034C77A00ACBD17 /* iNatLiteTests.xctest */ = {isa = PBXFileReference; explicitFileType = wrapper.cfbundle; includeInIndex = 0; path = iNatLiteTests.xctest; sourceTree = BUILT_PRODUCTS_DIR; };
		FA1DE16E2034C77A00ACBD17 /* Info.plist */ = {isa = PBXFileReference; lastKnownFileType = text.plist.xml; path = Info.plist; sourceTree = "<group>"; };
		FA1DE1732034C77A00ACBD17 /* iNatLiteUITests.xctest */ = {isa = PBXFileReference; explicitFileType = wrapper.cfbundle; includeInIndex = 0; path = iNatLiteUITests.xctest; sourceTree = BUILT_PRODUCTS_DIR; };
		FA1DE1772034C77A00ACBD17 /* iNatLiteUITests.swift */ = {isa = PBXFileReference; lastKnownFileType = sourcecode.swift; path = iNatLiteUITests.swift; sourceTree = "<group>"; };
		FA1DE1792034C77A00ACBD17 /* Info.plist */ = {isa = PBXFileReference; lastKnownFileType = text.plist.xml; path = Info.plist; sourceTree = "<group>"; };
		FA1DE1852034C92E00ACBD17 /* iNatLite.entitlements */ = {isa = PBXFileReference; lastKnownFileType = text.plist.entitlements; path = iNatLite.entitlements; sourceTree = "<group>"; };
		FA1DE1882034CF1600ACBD17 /* ChallengesViewController.swift */ = {isa = PBXFileReference; lastKnownFileType = sourcecode.swift; path = ChallengesViewController.swift; sourceTree = "<group>"; };
		FA1DE18A2034CF2E00ACBD17 /* YourCollectionViewController.swift */ = {isa = PBXFileReference; lastKnownFileType = sourcecode.swift; path = YourCollectionViewController.swift; sourceTree = "<group>"; };
		FA1DE18C2034CF4400ACBD17 /* BadgesViewController.swift */ = {isa = PBXFileReference; lastKnownFileType = sourcecode.swift; path = BadgesViewController.swift; sourceTree = "<group>"; };
		FA1DE18E2034CF6300ACBD17 /* SpeciesDetailViewController.swift */ = {isa = PBXFileReference; lastKnownFileType = sourcecode.swift; path = SpeciesDetailViewController.swift; sourceTree = "<group>"; };
		FA1DE1922034D78200ACBD17 /* SpeciesCollectionView.xib */ = {isa = PBXFileReference; lastKnownFileType = file.xib; path = SpeciesCollectionView.xib; sourceTree = "<group>"; };
		FA1DE1942034DA5700ACBD17 /* SpeciesCollectionViewCell.swift */ = {isa = PBXFileReference; lastKnownFileType = sourcecode.swift; path = SpeciesCollectionViewCell.swift; sourceTree = "<group>"; };
		FA1DE1972034DE0A00ACBD17 /* UIColor+INatLite.swift */ = {isa = PBXFileReference; lastKnownFileType = sourcecode.swift; path = "UIColor+INatLite.swift"; sourceTree = "<group>"; };
		FA1DE19A2034F53F00ACBD17 /* Place.swift */ = {isa = PBXFileReference; lastKnownFileType = sourcecode.swift; path = Place.swift; sourceTree = "<group>"; };
		FA1DE19D2034F5A400ACBD17 /* NearbyPlaceResponse.swift */ = {isa = PBXFileReference; lastKnownFileType = sourcecode.swift; path = NearbyPlaceResponse.swift; sourceTree = "<group>"; };
		FA1DE19F2034F6CB00ACBD17 /* ChallengesHeaderView.swift */ = {isa = PBXFileReference; lastKnownFileType = sourcecode.swift; path = ChallengesHeaderView.swift; sourceTree = "<group>"; };
		FA1DE1A12034F95100ACBD17 /* Taxon.swift */ = {isa = PBXFileReference; lastKnownFileType = sourcecode.swift; path = Taxon.swift; sourceTree = "<group>"; };
		FA1DE1A52034FA1400ACBD17 /* SpeciesCountResponse.swift */ = {isa = PBXFileReference; lastKnownFileType = sourcecode.swift; path = SpeciesCountResponse.swift; sourceTree = "<group>"; };
		FA1DE1A9203765D800ACBD17 /* ChallengeResultsViewController.swift */ = {isa = PBXFileReference; lastKnownFileType = sourcecode.swift; path = ChallengeResultsViewController.swift; sourceTree = "<group>"; };
		FA1DE1AB203775DD00ACBD17 /* ScoreResponse.swift */ = {isa = PBXFileReference; lastKnownFileType = sourcecode.swift; path = ScoreResponse.swift; sourceTree = "<group>"; };
		FA1DE1AD2037761D00ACBD17 /* Config.swift */ = {isa = PBXFileReference; lastKnownFileType = sourcecode.swift; path = Config.swift; sourceTree = "<group>"; };
		FA1DE1B020377A8800ACBD17 /* ResultsTitleCell.swift */ = {isa = PBXFileReference; lastKnownFileType = sourcecode.swift; path = ResultsTitleCell.swift; sourceTree = "<group>"; };
		FA1DE1B2203780E000ACBD17 /* ResultsDividerCell.swift */ = {isa = PBXFileReference; lastKnownFileType = sourcecode.swift; path = ResultsDividerCell.swift; sourceTree = "<group>"; };
		FA1DE1B42037A06A00ACBD17 /* ResultsImageCell.swift */ = {isa = PBXFileReference; lastKnownFileType = sourcecode.swift; path = ResultsImageCell.swift; sourceTree = "<group>"; };
		FA1DE1B62037A07B00ACBD17 /* ResultsImageTaxonCell.swift */ = {isa = PBXFileReference; lastKnownFileType = sourcecode.swift; path = ResultsImageTaxonCell.swift; sourceTree = "<group>"; };
		FA1DE1BA2038A25400ACBD17 /* ResultsActionCell.swift */ = {isa = PBXFileReference; lastKnownFileType = sourcecode.swift; path = ResultsActionCell.swift; sourceTree = "<group>"; };
		FA1DE1BC203A21FF00ACBD17 /* LocationPickerViewController.swift */ = {isa = PBXFileReference; lastKnownFileType = sourcecode.swift; path = LocationPickerViewController.swift; sourceTree = "<group>"; };
		FA1DE1BE203A3B8900ACBD17 /* LocationTagCell.swift */ = {isa = PBXFileReference; lastKnownFileType = sourcecode.swift; path = LocationTagCell.swift; sourceTree = "<group>"; };
		FA323FDA20549F05006192C7 /* SplashViewController.swift */ = {isa = PBXFileReference; lastKnownFileType = sourcecode.swift; path = SplashViewController.swift; sourceTree = "<group>"; };
		FA6D75AB203B6EAE00C3535F /* TaxonPickerViewController.swift */ = {isa = PBXFileReference; lastKnownFileType = sourcecode.swift; path = TaxonPickerViewController.swift; sourceTree = "<group>"; };
		FA6D75AD203B6FA300C3535F /* IconicTaxonCell.swift */ = {isa = PBXFileReference; lastKnownFileType = sourcecode.swift; path = IconicTaxonCell.swift; sourceTree = "<group>"; };
		FA6D75B2203BC07000C3535F /* ObservationRealm.swift */ = {isa = PBXFileReference; lastKnownFileType = sourcecode.swift; path = ObservationRealm.swift; sourceTree = "<group>"; };
		FA7DF3AE2045FA5200B73B02 /* ToastView.xib */ = {isa = PBXFileReference; lastKnownFileType = file.xib; path = ToastView.xib; sourceTree = "<group>"; };
		FA7DF3B02045FB0700B73B02 /* ToastView.swift */ = {isa = PBXFileReference; lastKnownFileType = sourcecode.swift; path = ToastView.swift; sourceTree = "<group>"; };
		FA7DF3B2204612AA00B73B02 /* Badges.plist */ = {isa = PBXFileReference; lastKnownFileType = text.plist.xml; path = Badges.plist; sourceTree = "<group>"; };
		FA9E5FB42043830C00CBC9DE /* TaxonRealm.swift */ = {isa = PBXFileReference; lastKnownFileType = sourcecode.swift; path = TaxonRealm.swift; sourceTree = "<group>"; };
		FA9E5FB62043837000CBC9DE /* PhotoRealm.swift */ = {isa = PBXFileReference; lastKnownFileType = sourcecode.swift; path = PhotoRealm.swift; sourceTree = "<group>"; };
		FA9E5FB82043B13800CBC9DE /* SpeciesMapViewController.swift */ = {isa = PBXFileReference; lastKnownFileType = sourcecode.swift; path = SpeciesMapViewController.swift; sourceTree = "<group>"; };
		FA9E5FBB2044671400CBC9DE /* Whitney-BlackItalic-Pro.otf */ = {isa = PBXFileReference; lastKnownFileType = file; path = "Whitney-BlackItalic-Pro.otf"; sourceTree = "<group>"; };
		FA9E5FBC2044671400CBC9DE /* Whitney-Black-Pro.otf */ = {isa = PBXFileReference; lastKnownFileType = file; path = "Whitney-Black-Pro.otf"; sourceTree = "<group>"; };
		FA9E5FBD2044671400CBC9DE /* Whitney-Light-Pro.otf */ = {isa = PBXFileReference; lastKnownFileType = file; path = "Whitney-Light-Pro.otf"; sourceTree = "<group>"; };
		FA9E5FBE2044671400CBC9DE /* Whitney-MediumItalic-Pro.otf */ = {isa = PBXFileReference; lastKnownFileType = file; path = "Whitney-MediumItalic-Pro.otf"; sourceTree = "<group>"; };
		FA9E5FBF2044671400CBC9DE /* Whitney-BoldItalic-Pro.otf */ = {isa = PBXFileReference; lastKnownFileType = file; path = "Whitney-BoldItalic-Pro.otf"; sourceTree = "<group>"; };
		FA9E5FC02044671400CBC9DE /* Whitney-BookItalic-Pro.otf */ = {isa = PBXFileReference; lastKnownFileType = file; path = "Whitney-BookItalic-Pro.otf"; sourceTree = "<group>"; };
		FA9E5FC12044671400CBC9DE /* Whitney-Semibold-Pro.otf */ = {isa = PBXFileReference; lastKnownFileType = file; path = "Whitney-Semibold-Pro.otf"; sourceTree = "<group>"; };
		FA9E5FC22044671400CBC9DE /* Whitney-Bold-Pro.otf */ = {isa = PBXFileReference; lastKnownFileType = file; path = "Whitney-Bold-Pro.otf"; sourceTree = "<group>"; };
		FA9E5FC32044671400CBC9DE /* Whitney-Medium-Pro.otf */ = {isa = PBXFileReference; lastKnownFileType = file; path = "Whitney-Medium-Pro.otf"; sourceTree = "<group>"; };
		FA9E5FC42044671500CBC9DE /* Whitney-LightItalic-Pro.otf */ = {isa = PBXFileReference; lastKnownFileType = file; path = "Whitney-LightItalic-Pro.otf"; sourceTree = "<group>"; };
		FA9E5FC52044671500CBC9DE /* Whitney-SemiboldItalic-Pro.otf */ = {isa = PBXFileReference; lastKnownFileType = file; path = "Whitney-SemiboldItalic-Pro.otf"; sourceTree = "<group>"; };
		FA9E5FC62044671500CBC9DE /* Whitney-Book-Pro.otf */ = {isa = PBXFileReference; lastKnownFileType = file; path = "Whitney-Book-Pro.otf"; sourceTree = "<group>"; };
		FAA2537D204C8FCE00D6EBAA /* CLLocationCoordinate2D+INatLite.swift */ = {isa = PBXFileReference; lastKnownFileType = sourcecode.swift; path = "CLLocationCoordinate2D+INatLite.swift"; sourceTree = "<group>"; };
		FAA2537F204D0F1C00D6EBAA /* NSAttributedString+INatLite.swift */ = {isa = PBXFileReference; lastKnownFileType = sourcecode.swift; path = "NSAttributedString+INatLite.swift"; sourceTree = "<group>"; };
		FAA25381204DCC3E00D6EBAA /* Image+INatLite.swift */ = {isa = PBXFileReference; lastKnownFileType = sourcecode.swift; path = "Image+INatLite.swift"; sourceTree = "<group>"; };
		FAB17007203F5E1B00967951 /* SpeciesImageCell.swift */ = {isa = PBXFileReference; lastKnownFileType = sourcecode.swift; path = SpeciesImageCell.swift; sourceTree = "<group>"; };
		FAC610132044CBC30024BC5E /* RadialGradientView.swift */ = {isa = PBXFileReference; lastKnownFileType = sourcecode.swift; path = RadialGradientView.swift; sourceTree = "<group>"; };
		FACB2D00204903280050053A /* AboutViewController.swift */ = {isa = PBXFileReference; lastKnownFileType = sourcecode.swift; path = AboutViewController.swift; sourceTree = "<group>"; };
		FACB2D0520490EF50050053A /* MadeByCell.swift */ = {isa = PBXFileReference; lastKnownFileType = sourcecode.swift; path = MadeByCell.swift; sourceTree = "<group>"; };
		FACB2D0C20490F4B0050053A /* INatCreditsCell.swift */ = {isa = PBXFileReference; lastKnownFileType = sourcecode.swift; path = INatCreditsCell.swift; sourceTree = "<group>"; };
		FACB2D0E204A29D60050053A /* riffic-bold.ttf */ = {isa = PBXFileReference; lastKnownFileType = file; path = "riffic-bold.ttf"; sourceTree = "<group>"; };
		FADB959120609D6F00DC64E8 /* PlaceTests.swift */ = {isa = PBXFileReference; lastKnownFileType = sourcecode.swift; path = PlaceTests.swift; sourceTree = "<group>"; };
		FAEB5C0B20687D7500BA3132 /* INatApi.swift */ = {isa = PBXFileReference; lastKnownFileType = sourcecode.swift; path = INatApi.swift; sourceTree = "<group>"; };
		FAEDCA432048BB560016CEA4 /* WarningsViewController.swift */ = {isa = PBXFileReference; lastKnownFileType = sourcecode.swift; path = WarningsViewController.swift; sourceTree = "<group>"; };
		FAF849C420434AA4009F10E3 /* BadgeRealm.swift */ = {isa = PBXFileReference; lastKnownFileType = sourcecode.swift; path = BadgeRealm.swift; sourceTree = "<group>"; };
		FAF849C620434BFD009F10E3 /* BadgeCell.swift */ = {isa = PBXFileReference; lastKnownFileType = sourcecode.swift; path = BadgeCell.swift; sourceTree = "<group>"; };
		FAF849C820434C13009F10E3 /* BadgeCell.xib */ = {isa = PBXFileReference; lastKnownFileType = file.xib; path = BadgeCell.xib; sourceTree = "<group>"; };
		FAF849CB20435C2A009F10E3 /* MyCollectionHeaderView.swift */ = {isa = PBXFileReference; lastKnownFileType = sourcecode.swift; path = MyCollectionHeaderView.swift; sourceTree = "<group>"; };
/* End PBXFileReference section */

/* Begin PBXFrameworksBuildPhase section */
		FA1DE1512034C77A00ACBD17 /* Frameworks */ = {
			isa = PBXFrameworksBuildPhase;
			buildActionMask = 2147483647;
			files = (
				BF0E994E9A0187DF670162F4 /* Pods_iNatLite.framework in Frameworks */,
			);
			runOnlyForDeploymentPostprocessing = 0;
		};
		FA1DE1652034C77A00ACBD17 /* Frameworks */ = {
			isa = PBXFrameworksBuildPhase;
			buildActionMask = 2147483647;
			files = (
				EFB13ABEA158E2F358ADB965 /* Pods_iNatLiteTests.framework in Frameworks */,
			);
			runOnlyForDeploymentPostprocessing = 0;
		};
		FA1DE1702034C77A00ACBD17 /* Frameworks */ = {
			isa = PBXFrameworksBuildPhase;
			buildActionMask = 2147483647;
			files = (
			);
			runOnlyForDeploymentPostprocessing = 0;
		};
/* End PBXFrameworksBuildPhase section */

/* Begin PBXGroup section */
		636B9036CE1FB96BCF14694F /* Frameworks */ = {
			isa = PBXGroup;
			children = (
				1007378444A1EA1076E2E3AC /* Pods_iNatLite.framework */,
				F3F37436BEC5D686E837C570 /* Pods_iNatLiteTests.framework */,
			);
			name = Frameworks;
			sourceTree = "<group>";
		};
		E394BCE5ACD82514553B5184 /* Pods */ = {
			isa = PBXGroup;
			children = (
				CBC22DC9357BCAC8DA7FB1D7 /* Pods-iNatLite.debug.xcconfig */,
				879C91F67D5FBD7BCDA49BDD /* Pods-iNatLite.release.xcconfig */,
				A1D68563C664268D1467A5B4 /* Pods-iNatLiteTests.debug.xcconfig */,
				2F9670547C9A6ADF5EDC2959 /* Pods-iNatLiteTests.release.xcconfig */,
			);
			name = Pods;
			sourceTree = "<group>";
		};
		FA0A0DB820408607005B19F9 /* Server Responses */ = {
			isa = PBXGroup;
			children = (
				FA0A0DB6204085FB005B19F9 /* TaxaResponse.swift */,
				FA1DE19D2034F5A400ACBD17 /* NearbyPlaceResponse.swift */,
				FA1DE1A52034FA1400ACBD17 /* SpeciesCountResponse.swift */,
				FA1DE1AB203775DD00ACBD17 /* ScoreResponse.swift */,
				FA0A0DC62040B540005B19F9 /* BoundingBoxResponse.swift */,
				FA0A0DCA2040BDF9005B19F9 /* HistogramResponse.swift */,
			);
			path = "Server Responses";
			sourceTree = "<group>";
		};
		FA0A0DB920408615005B19F9 /* Decodable */ = {
			isa = PBXGroup;
			children = (
				FA0A0DB820408607005B19F9 /* Server Responses */,
				FA1DE19A2034F53F00ACBD17 /* Place.swift */,
				FA1DE1A12034F95100ACBD17 /* Taxon.swift */,
				FA0A0DC82040B556005B19F9 /* BoundingBox.swift */,
				FA0A0DCC2040BE04005B19F9 /* Histogram.swift */,
			);
			path = Decodable;
			sourceTree = "<group>";
		};
		FA1DE14B2034C77A00ACBD17 = {
			isa = PBXGroup;
			children = (
				FA1DE1562034C77A00ACBD17 /* iNatLite */,
				FA1DE16B2034C77A00ACBD17 /* iNatLiteTests */,
				FA1DE1762034C77A00ACBD17 /* iNatLiteUITests */,
				FA1DE1552034C77A00ACBD17 /* Products */,
				E394BCE5ACD82514553B5184 /* Pods */,
				636B9036CE1FB96BCF14694F /* Frameworks */,
			);
			sourceTree = "<group>";
		};
		FA1DE1552034C77A00ACBD17 /* Products */ = {
			isa = PBXGroup;
			children = (
				FA1DE1542034C77A00ACBD17 /* iNatLite.app */,
				FA1DE1682034C77A00ACBD17 /* iNatLiteTests.xctest */,
				FA1DE1732034C77A00ACBD17 /* iNatLiteUITests.xctest */,
			);
			name = Products;
			sourceTree = "<group>";
		};
		FA1DE1562034C77A00ACBD17 /* iNatLite */ = {
			isa = PBXGroup;
			children = (
				FA1DE1992034F52600ACBD17 /* Model */,
				FA1DE1962034DDE800ACBD17 /* Utility */,
				FA1DE1912034D74900ACBD17 /* UI */,
				FA1DE1902034D74000ACBD17 /* Views */,
				FA1DE1862034CEE200ACBD17 /* View Controllers */,
				FA1DE1852034C92E00ACBD17 /* iNatLite.entitlements */,
				FA1DE1572034C77A00ACBD17 /* AppDelegate.swift */,
				FA1DE1AD2037761D00ACBD17 /* Config.swift */,
				FA7DF3B2204612AA00B73B02 /* Badges.plist */,
				FA1DE1632034C77A00ACBD17 /* Info.plist */,
			);
			path = iNatLite;
			sourceTree = "<group>";
		};
		FA1DE16B2034C77A00ACBD17 /* iNatLiteTests */ = {
			isa = PBXGroup;
			children = (
				FA1DE16E2034C77A00ACBD17 /* Info.plist */,
				FADB959120609D6F00DC64E8 /* PlaceTests.swift */,
			);
			path = iNatLiteTests;
			sourceTree = "<group>";
		};
		FA1DE1762034C77A00ACBD17 /* iNatLiteUITests */ = {
			isa = PBXGroup;
			children = (
				FA1DE1772034C77A00ACBD17 /* iNatLiteUITests.swift */,
				FA1DE1792034C77A00ACBD17 /* Info.plist */,
			);
			path = iNatLiteUITests;
			sourceTree = "<group>";
		};
		FA1DE1862034CEE200ACBD17 /* View Controllers */ = {
			isa = PBXGroup;
			children = (
				FA1DE1882034CF1600ACBD17 /* ChallengesViewController.swift */,
				FA1DE18A2034CF2E00ACBD17 /* YourCollectionViewController.swift */,
				FA1DE18C2034CF4400ACBD17 /* BadgesViewController.swift */,
				FA1DE18E2034CF6300ACBD17 /* SpeciesDetailViewController.swift */,
				FA1DE1A9203765D800ACBD17 /* ChallengeResultsViewController.swift */,
				FA1DE1BC203A21FF00ACBD17 /* LocationPickerViewController.swift */,
				FA6D75AB203B6EAE00C3535F /* TaxonPickerViewController.swift */,
				FA9E5FB82043B13800CBC9DE /* SpeciesMapViewController.swift */,
				FAEDCA432048BB560016CEA4 /* WarningsViewController.swift */,
				FACB2D00204903280050053A /* AboutViewController.swift */,
				FA323FDA20549F05006192C7 /* SplashViewController.swift */,
			);
			path = "View Controllers";
			sourceTree = "<group>";
		};
		FA1DE1902034D74000ACBD17 /* Views */ = {
			isa = PBXGroup;
			children = (
				FACB2D0220490ECB0050053A /* About */,
				FA7DF3B62047249000B73B02 /* My Collection */,
				FAC610152044E41E0024BC5E /* IconicTaxon */,
				FAB17006203F5E0000967951 /* Species Detail Cells */,
				FA1DE1AF20377A6900ACBD17 /* Results Cells */,
				FA1DE1942034DA5700ACBD17 /* SpeciesCollectionViewCell.swift */,
				FAC610132044CBC30024BC5E /* RadialGradientView.swift */,
				FA1DE19F2034F6CB00ACBD17 /* ChallengesHeaderView.swift */,
				FA1DE1BE203A3B8900ACBD17 /* LocationTagCell.swift */,
				FAF849C620434BFD009F10E3 /* BadgeCell.swift */,
				FA7DF3B02045FB0700B73B02 /* ToastView.swift */,
			);
			path = Views;
			sourceTree = "<group>";
		};
		FA1DE1912034D74900ACBD17 /* UI */ = {
			isa = PBXGroup;
			children = (
				FA9E5FBA2044670100CBC9DE /* Fonts */,
				FA1DE15B2034C77A00ACBD17 /* Main.storyboard */,
				FA1DE15E2034C77A00ACBD17 /* Assets.xcassets */,
				FA1DE1602034C77A00ACBD17 /* LaunchScreen.storyboard */,
				FA1DE1922034D78200ACBD17 /* SpeciesCollectionView.xib */,
				FAF849C820434C13009F10E3 /* BadgeCell.xib */,
				FA7DF3AE2045FA5200B73B02 /* ToastView.xib */,
			);
			path = UI;
			sourceTree = "<group>";
		};
		FA1DE1962034DDE800ACBD17 /* Utility */ = {
			isa = PBXGroup;
			children = (
				FA1DE1972034DE0A00ACBD17 /* UIColor+INatLite.swift */,
				FAA2537D204C8FCE00D6EBAA /* CLLocationCoordinate2D+INatLite.swift */,
				FAA2537F204D0F1C00D6EBAA /* NSAttributedString+INatLite.swift */,
				FAA25381204DCC3E00D6EBAA /* Image+INatLite.swift */,
				FAEB5C0B20687D7500BA3132 /* INatApi.swift */,
			);
			path = Utility;
			sourceTree = "<group>";
		};
		FA1DE1992034F52600ACBD17 /* Model */ = {
			isa = PBXGroup;
			children = (
				FA0A0DB920408615005B19F9 /* Decodable */,
				FA6D75AF203BC04900C3535F /* Realm */,
			);
			path = Model;
			sourceTree = "<group>";
		};
		FA1DE1AF20377A6900ACBD17 /* Results Cells */ = {
			isa = PBXGroup;
			children = (
				FA1DE1B020377A8800ACBD17 /* ResultsTitleCell.swift */,
				FA1DE1B2203780E000ACBD17 /* ResultsDividerCell.swift */,
				FA1DE1B42037A06A00ACBD17 /* ResultsImageCell.swift */,
				FA1DE1B62037A07B00ACBD17 /* ResultsImageTaxonCell.swift */,
				FA1DE1BA2038A25400ACBD17 /* ResultsActionCell.swift */,
			);
			path = "Results Cells";
			sourceTree = "<group>";
		};
		FA6D75AF203BC04900C3535F /* Realm */ = {
			isa = PBXGroup;
			children = (
				FA6D75B2203BC07000C3535F /* ObservationRealm.swift */,
				FAF849C420434AA4009F10E3 /* BadgeRealm.swift */,
				FA9E5FB42043830C00CBC9DE /* TaxonRealm.swift */,
				FA9E5FB62043837000CBC9DE /* PhotoRealm.swift */,
			);
			path = Realm;
			sourceTree = "<group>";
		};
		FA7DF3B62047249000B73B02 /* My Collection */ = {
			isa = PBXGroup;
			children = (
				FAF849CB20435C2A009F10E3 /* MyCollectionHeaderView.swift */,
			);
			path = "My Collection";
			sourceTree = "<group>";
		};
		FA9E5FBA2044670100CBC9DE /* Fonts */ = {
			isa = PBXGroup;
			children = (
				FACB2D0E204A29D60050053A /* riffic-bold.ttf */,
				FA9E5FBC2044671400CBC9DE /* Whitney-Black-Pro.otf */,
				FA9E5FBB2044671400CBC9DE /* Whitney-BlackItalic-Pro.otf */,
				FA9E5FC22044671400CBC9DE /* Whitney-Bold-Pro.otf */,
				FA9E5FBF2044671400CBC9DE /* Whitney-BoldItalic-Pro.otf */,
				FA9E5FC62044671500CBC9DE /* Whitney-Book-Pro.otf */,
				FA9E5FC02044671400CBC9DE /* Whitney-BookItalic-Pro.otf */,
				FA9E5FBD2044671400CBC9DE /* Whitney-Light-Pro.otf */,
				FA9E5FC42044671500CBC9DE /* Whitney-LightItalic-Pro.otf */,
				FA9E5FC32044671400CBC9DE /* Whitney-Medium-Pro.otf */,
				FA9E5FBE2044671400CBC9DE /* Whitney-MediumItalic-Pro.otf */,
				FA9E5FC12044671400CBC9DE /* Whitney-Semibold-Pro.otf */,
				FA9E5FC52044671500CBC9DE /* Whitney-SemiboldItalic-Pro.otf */,
			);
			path = Fonts;
			sourceTree = "<group>";
		};
		FAB17006203F5E0000967951 /* Species Detail Cells */ = {
			isa = PBXGroup;
			children = (
				FA0A0DC020409A44005B19F9 /* SpeciesAboutCell.swift */,
				FAB17007203F5E1B00967951 /* SpeciesImageCell.swift */,
				FA0A0DBC20409A0B005B19F9 /* SpeciesLocationCell.swift */,
				FA0A0DBA204099FB005B19F9 /* SpeciesNameCell.swift */,
				FA0A0DBE20409A35005B19F9 /* SpeciesPhenologyCell.swift */,
				FA0A0DC42040A35B005B19F9 /* SpeciesCategoryCell.swift */,
				FA0A0DC220409A5A005B19F9 /* SpeciesSeenStatsCell.swift */,
			);
			path = "Species Detail Cells";
			sourceTree = "<group>";
		};
		FAC610152044E41E0024BC5E /* IconicTaxon */ = {
			isa = PBXGroup;
			children = (
				FA6D75AD203B6FA300C3535F /* IconicTaxonCell.swift */,
			);
			path = IconicTaxon;
			sourceTree = "<group>";
		};
		FACB2D0220490ECB0050053A /* About */ = {
			isa = PBXGroup;
			children = (
				FACB2D0520490EF50050053A /* MadeByCell.swift */,
				FACB2D0C20490F4B0050053A /* INatCreditsCell.swift */,
			);
			path = About;
			sourceTree = "<group>";
		};
/* End PBXGroup section */

/* Begin PBXNativeTarget section */
		FA1DE1532034C77A00ACBD17 /* iNatLite */ = {
			isa = PBXNativeTarget;
			buildConfigurationList = FA1DE17C2034C77A00ACBD17 /* Build configuration list for PBXNativeTarget "iNatLite" */;
			buildPhases = (
				8D65B1170A7720B6D1007865 /* [CP] Check Pods Manifest.lock */,
				FA1DE1502034C77A00ACBD17 /* Sources */,
				FA1DE1512034C77A00ACBD17 /* Frameworks */,
				FA1DE1522034C77A00ACBD17 /* Resources */,
				A84E9BE90D6F68829AF4A3FF /* [CP] Embed Pods Frameworks */,
				67CE0A8092F41DD1534F55A8 /* [CP] Copy Pods Resources */,
			);
			buildRules = (
			);
			dependencies = (
			);
			name = iNatLite;
			productName = iNatLite;
			productReference = FA1DE1542034C77A00ACBD17 /* iNatLite.app */;
			productType = "com.apple.product-type.application";
		};
		FA1DE1672034C77A00ACBD17 /* iNatLiteTests */ = {
			isa = PBXNativeTarget;
			buildConfigurationList = FA1DE17F2034C77A00ACBD17 /* Build configuration list for PBXNativeTarget "iNatLiteTests" */;
			buildPhases = (
				823C1A8BA77D225B6640B449 /* [CP] Check Pods Manifest.lock */,
				FA1DE1642034C77A00ACBD17 /* Sources */,
				FA1DE1652034C77A00ACBD17 /* Frameworks */,
				FA1DE1662034C77A00ACBD17 /* Resources */,
				97E4CD1CA03F253BD8AD365D /* [CP] Embed Pods Frameworks */,
				FB19A4C97E347688BA5B7A48 /* [CP] Copy Pods Resources */,
			);
			buildRules = (
			);
			dependencies = (
				FA1DE16A2034C77A00ACBD17 /* PBXTargetDependency */,
			);
			name = iNatLiteTests;
			productName = iNatLiteTests;
			productReference = FA1DE1682034C77A00ACBD17 /* iNatLiteTests.xctest */;
			productType = "com.apple.product-type.bundle.unit-test";
		};
		FA1DE1722034C77A00ACBD17 /* iNatLiteUITests */ = {
			isa = PBXNativeTarget;
			buildConfigurationList = FA1DE1822034C77A00ACBD17 /* Build configuration list for PBXNativeTarget "iNatLiteUITests" */;
			buildPhases = (
				FA1DE16F2034C77A00ACBD17 /* Sources */,
				FA1DE1702034C77A00ACBD17 /* Frameworks */,
				FA1DE1712034C77A00ACBD17 /* Resources */,
			);
			buildRules = (
			);
			dependencies = (
				FA1DE1752034C77A00ACBD17 /* PBXTargetDependency */,
			);
			name = iNatLiteUITests;
			productName = iNatLiteUITests;
			productReference = FA1DE1732034C77A00ACBD17 /* iNatLiteUITests.xctest */;
			productType = "com.apple.product-type.bundle.ui-testing";
		};
/* End PBXNativeTarget section */

/* Begin PBXProject section */
		FA1DE14C2034C77A00ACBD17 /* Project object */ = {
			isa = PBXProject;
			attributes = {
				LastSwiftUpdateCheck = 0920;
				LastUpgradeCheck = 0920;
				ORGANIZATIONNAME = iNaturalist;
				TargetAttributes = {
					FA1DE1532034C77A00ACBD17 = {
						CreatedOnToolsVersion = 9.2;
						ProvisioningStyle = Automatic;
						SystemCapabilities = {
							com.apple.ApplicationGroups.iOS = {
								enabled = 1;
							};
						};
					};
					FA1DE1672034C77A00ACBD17 = {
						CreatedOnToolsVersion = 9.2;
						ProvisioningStyle = Automatic;
						TestTargetID = FA1DE1532034C77A00ACBD17;
					};
					FA1DE1722034C77A00ACBD17 = {
						CreatedOnToolsVersion = 9.2;
						ProvisioningStyle = Automatic;
						TestTargetID = FA1DE1532034C77A00ACBD17;
					};
				};
			};
			buildConfigurationList = FA1DE14F2034C77A00ACBD17 /* Build configuration list for PBXProject "iNatLite" */;
			compatibilityVersion = "Xcode 8.0";
			developmentRegion = en;
			hasScannedForEncodings = 0;
			knownRegions = (
				en,
				Base,
			);
			mainGroup = FA1DE14B2034C77A00ACBD17;
			productRefGroup = FA1DE1552034C77A00ACBD17 /* Products */;
			projectDirPath = "";
			projectRoot = "";
			targets = (
				FA1DE1532034C77A00ACBD17 /* iNatLite */,
				FA1DE1672034C77A00ACBD17 /* iNatLiteTests */,
				FA1DE1722034C77A00ACBD17 /* iNatLiteUITests */,
			);
		};
/* End PBXProject section */

/* Begin PBXResourcesBuildPhase section */
		FA1DE1522034C77A00ACBD17 /* Resources */ = {
			isa = PBXResourcesBuildPhase;
			buildActionMask = 2147483647;
			files = (
				FA9E5FCA2044671500CBC9DE /* Whitney-MediumItalic-Pro.otf in Resources */,
				FA9E5FD22044671500CBC9DE /* Whitney-Book-Pro.otf in Resources */,
				FA9E5FCC2044671500CBC9DE /* Whitney-BookItalic-Pro.otf in Resources */,
				FA9E5FC82044671500CBC9DE /* Whitney-Black-Pro.otf in Resources */,
				FA7DF3AF2045FA5200B73B02 /* ToastView.xib in Resources */,
				FA9E5FC72044671500CBC9DE /* Whitney-BlackItalic-Pro.otf in Resources */,
				FA1DE1622034C77A00ACBD17 /* LaunchScreen.storyboard in Resources */,
				FA1DE1932034D78200ACBD17 /* SpeciesCollectionView.xib in Resources */,
				FAF849C920434C13009F10E3 /* BadgeCell.xib in Resources */,
				FA1DE15F2034C77A00ACBD17 /* Assets.xcassets in Resources */,
				FA1DE15D2034C77A00ACBD17 /* Main.storyboard in Resources */,
				FA9E5FCD2044671500CBC9DE /* Whitney-Semibold-Pro.otf in Resources */,
				FA9E5FCE2044671500CBC9DE /* Whitney-Bold-Pro.otf in Resources */,
				FA9E5FD02044671500CBC9DE /* Whitney-LightItalic-Pro.otf in Resources */,
				FA9E5FC92044671500CBC9DE /* Whitney-Light-Pro.otf in Resources */,
				FA9E5FD12044671500CBC9DE /* Whitney-SemiboldItalic-Pro.otf in Resources */,
				FACB2D0F204A29D90050053A /* riffic-bold.ttf in Resources */,
				FA7DF3B3204612AA00B73B02 /* Badges.plist in Resources */,
				FA9E5FCB2044671500CBC9DE /* Whitney-BoldItalic-Pro.otf in Resources */,
				FA9E5FCF2044671500CBC9DE /* Whitney-Medium-Pro.otf in Resources */,
			);
			runOnlyForDeploymentPostprocessing = 0;
		};
		FA1DE1662034C77A00ACBD17 /* Resources */ = {
			isa = PBXResourcesBuildPhase;
			buildActionMask = 2147483647;
			files = (
			);
			runOnlyForDeploymentPostprocessing = 0;
		};
		FA1DE1712034C77A00ACBD17 /* Resources */ = {
			isa = PBXResourcesBuildPhase;
			buildActionMask = 2147483647;
			files = (
			);
			runOnlyForDeploymentPostprocessing = 0;
		};
/* End PBXResourcesBuildPhase section */

/* Begin PBXShellScriptBuildPhase section */
		67CE0A8092F41DD1534F55A8 /* [CP] Copy Pods Resources */ = {
			isa = PBXShellScriptBuildPhase;
			buildActionMask = 2147483647;
			files = (
			);
			inputPaths = (
			);
			name = "[CP] Copy Pods Resources";
			outputPaths = (
			);
			runOnlyForDeploymentPostprocessing = 0;
			shellPath = /bin/sh;
			shellScript = "\"${SRCROOT}/Pods/Target Support Files/Pods-iNatLite/Pods-iNatLite-resources.sh\"\n";
			showEnvVarsInLog = 0;
		};
		823C1A8BA77D225B6640B449 /* [CP] Check Pods Manifest.lock */ = {
			isa = PBXShellScriptBuildPhase;
			buildActionMask = 2147483647;
			files = (
			);
			inputPaths = (
				"${PODS_PODFILE_DIR_PATH}/Podfile.lock",
				"${PODS_ROOT}/Manifest.lock",
			);
			name = "[CP] Check Pods Manifest.lock";
			outputPaths = (
				"$(DERIVED_FILE_DIR)/Pods-iNatLiteTests-checkManifestLockResult.txt",
			);
			runOnlyForDeploymentPostprocessing = 0;
			shellPath = /bin/sh;
			shellScript = "diff \"${PODS_PODFILE_DIR_PATH}/Podfile.lock\" \"${PODS_ROOT}/Manifest.lock\" > /dev/null\nif [ $? != 0 ] ; then\n    # print error to STDERR\n    echo \"error: The sandbox is not in sync with the Podfile.lock. Run 'pod install' or update your CocoaPods installation.\" >&2\n    exit 1\nfi\n# This output is used by Xcode 'outputs' to avoid re-running this script phase.\necho \"SUCCESS\" > \"${SCRIPT_OUTPUT_FILE_0}\"\n";
			showEnvVarsInLog = 0;
		};
		8D65B1170A7720B6D1007865 /* [CP] Check Pods Manifest.lock */ = {
			isa = PBXShellScriptBuildPhase;
			buildActionMask = 2147483647;
			files = (
			);
			inputPaths = (
				"${PODS_PODFILE_DIR_PATH}/Podfile.lock",
				"${PODS_ROOT}/Manifest.lock",
			);
			name = "[CP] Check Pods Manifest.lock";
			outputPaths = (
				"$(DERIVED_FILE_DIR)/Pods-iNatLite-checkManifestLockResult.txt",
			);
			runOnlyForDeploymentPostprocessing = 0;
			shellPath = /bin/sh;
			shellScript = "diff \"${PODS_PODFILE_DIR_PATH}/Podfile.lock\" \"${PODS_ROOT}/Manifest.lock\" > /dev/null\nif [ $? != 0 ] ; then\n    # print error to STDERR\n    echo \"error: The sandbox is not in sync with the Podfile.lock. Run 'pod install' or update your CocoaPods installation.\" >&2\n    exit 1\nfi\n# This output is used by Xcode 'outputs' to avoid re-running this script phase.\necho \"SUCCESS\" > \"${SCRIPT_OUTPUT_FILE_0}\"\n";
			showEnvVarsInLog = 0;
		};
		97E4CD1CA03F253BD8AD365D /* [CP] Embed Pods Frameworks */ = {
			isa = PBXShellScriptBuildPhase;
			buildActionMask = 2147483647;
			files = (
			);
			inputPaths = (
			);
			name = "[CP] Embed Pods Frameworks";
			outputPaths = (
			);
			runOnlyForDeploymentPostprocessing = 0;
			shellPath = /bin/sh;
			shellScript = "\"${SRCROOT}/Pods/Target Support Files/Pods-iNatLiteTests/Pods-iNatLiteTests-frameworks.sh\"\n";
			showEnvVarsInLog = 0;
		};
		A84E9BE90D6F68829AF4A3FF /* [CP] Embed Pods Frameworks */ = {
			isa = PBXShellScriptBuildPhase;
			buildActionMask = 2147483647;
			files = (
			);
			inputPaths = (
				"${SRCROOT}/Pods/Target Support Files/Pods-iNatLite/Pods-iNatLite-frameworks.sh",
				"${BUILT_PRODUCTS_DIR}/Alamofire/Alamofire.framework",
				"${BUILT_PRODUCTS_DIR}/Auk/Auk.framework",
				"${BUILT_PRODUCTS_DIR}/Cache/Cache.framework",
				"${BUILT_PRODUCTS_DIR}/Charts/Charts.framework",
				"${BUILT_PRODUCTS_DIR}/CropViewController/CropViewController.framework",
				"${BUILT_PRODUCTS_DIR}/FontAwesomeKit/FontAwesomeKit.framework",
				"${BUILT_PRODUCTS_DIR}/Gallery/Gallery.framework",
				"${BUILT_PRODUCTS_DIR}/Imaginary/Imaginary.framework",
				"${BUILT_PRODUCTS_DIR}/JSONWebToken/JWT.framework",
				"${BUILT_PRODUCTS_DIR}/PKHUD/PKHUD.framework",
				"${BUILT_PRODUCTS_DIR}/Realm/Realm.framework",
				"${BUILT_PRODUCTS_DIR}/RealmSwift/RealmSwift.framework",
				"${BUILT_PRODUCTS_DIR}/TOCropViewController/TOCropViewController.framework",
				"${BUILT_PRODUCTS_DIR}/Toast-Swift/Toast_Swift.framework",
				"${BUILT_PRODUCTS_DIR}/UIImageViewAlignedSwift/UIImageViewAlignedSwift.framework",
				"${BUILT_PRODUCTS_DIR}/moa/moa.framework",
			);
			name = "[CP] Embed Pods Frameworks";
			outputPaths = (
				"${TARGET_BUILD_DIR}/${FRAMEWORKS_FOLDER_PATH}/Alamofire.framework",
				"${TARGET_BUILD_DIR}/${FRAMEWORKS_FOLDER_PATH}/Auk.framework",
				"${TARGET_BUILD_DIR}/${FRAMEWORKS_FOLDER_PATH}/Cache.framework",
				"${TARGET_BUILD_DIR}/${FRAMEWORKS_FOLDER_PATH}/Charts.framework",
				"${TARGET_BUILD_DIR}/${FRAMEWORKS_FOLDER_PATH}/CropViewController.framework",
				"${TARGET_BUILD_DIR}/${FRAMEWORKS_FOLDER_PATH}/FontAwesomeKit.framework",
				"${TARGET_BUILD_DIR}/${FRAMEWORKS_FOLDER_PATH}/Gallery.framework",
				"${TARGET_BUILD_DIR}/${FRAMEWORKS_FOLDER_PATH}/Imaginary.framework",
				"${TARGET_BUILD_DIR}/${FRAMEWORKS_FOLDER_PATH}/JWT.framework",
				"${TARGET_BUILD_DIR}/${FRAMEWORKS_FOLDER_PATH}/PKHUD.framework",
				"${TARGET_BUILD_DIR}/${FRAMEWORKS_FOLDER_PATH}/Realm.framework",
				"${TARGET_BUILD_DIR}/${FRAMEWORKS_FOLDER_PATH}/RealmSwift.framework",
				"${TARGET_BUILD_DIR}/${FRAMEWORKS_FOLDER_PATH}/TOCropViewController.framework",
				"${TARGET_BUILD_DIR}/${FRAMEWORKS_FOLDER_PATH}/Toast_Swift.framework",
				"${TARGET_BUILD_DIR}/${FRAMEWORKS_FOLDER_PATH}/UIImageViewAlignedSwift.framework",
				"${TARGET_BUILD_DIR}/${FRAMEWORKS_FOLDER_PATH}/moa.framework",
			);
			runOnlyForDeploymentPostprocessing = 0;
			shellPath = /bin/sh;
			shellScript = "\"${SRCROOT}/Pods/Target Support Files/Pods-iNatLite/Pods-iNatLite-frameworks.sh\"\n";
			showEnvVarsInLog = 0;
		};
		FB19A4C97E347688BA5B7A48 /* [CP] Copy Pods Resources */ = {
			isa = PBXShellScriptBuildPhase;
			buildActionMask = 2147483647;
			files = (
			);
			inputPaths = (
			);
			name = "[CP] Copy Pods Resources";
			outputPaths = (
			);
			runOnlyForDeploymentPostprocessing = 0;
			shellPath = /bin/sh;
			shellScript = "\"${SRCROOT}/Pods/Target Support Files/Pods-iNatLiteTests/Pods-iNatLiteTests-resources.sh\"\n";
			showEnvVarsInLog = 0;
		};
/* End PBXShellScriptBuildPhase section */

/* Begin PBXSourcesBuildPhase section */
		FA1DE1502034C77A00ACBD17 /* Sources */ = {
			isa = PBXSourcesBuildPhase;
			buildActionMask = 2147483647;
			files = (
				FA0A0DC72040B540005B19F9 /* BoundingBoxResponse.swift in Sources */,
				FAC610142044CBC30024BC5E /* RadialGradientView.swift in Sources */,
				FA1DE1892034CF1600ACBD17 /* ChallengesViewController.swift in Sources */,
				FA1DE1BD203A21FF00ACBD17 /* LocationPickerViewController.swift in Sources */,
				FAA25380204D0F1C00D6EBAA /* NSAttributedString+INatLite.swift in Sources */,
				FA0A0DBF20409A35005B19F9 /* SpeciesPhenologyCell.swift in Sources */,
				FA1DE1B72037A07B00ACBD17 /* ResultsImageTaxonCell.swift in Sources */,
				FA1DE18F2034CF6300ACBD17 /* SpeciesDetailViewController.swift in Sources */,
				FA9E5FB52043830C00CBC9DE /* TaxonRealm.swift in Sources */,
				FA1DE1AE2037761D00ACBD17 /* Config.swift in Sources */,
				FA1DE18B2034CF2E00ACBD17 /* YourCollectionViewController.swift in Sources */,
				FA1DE1AC203775DD00ACBD17 /* ScoreResponse.swift in Sources */,
				FA6D75AE203B6FA300C3535F /* IconicTaxonCell.swift in Sources */,
				FA1DE1BF203A3B8900ACBD17 /* LocationTagCell.swift in Sources */,
				FA1DE1BB2038A25400ACBD17 /* ResultsActionCell.swift in Sources */,
				FAB17008203F5E1B00967951 /* SpeciesImageCell.swift in Sources */,
				FA9E5FB92043B13800CBC9DE /* SpeciesMapViewController.swift in Sources */,
				FA6D75B3203BC07000C3535F /* ObservationRealm.swift in Sources */,
				FA1DE1B120377A8800ACBD17 /* ResultsTitleCell.swift in Sources */,
				FAF849C520434AA4009F10E3 /* BadgeRealm.swift in Sources */,
				FAF849C720434BFD009F10E3 /* BadgeCell.swift in Sources */,
				FA0A0DCB2040BDF9005B19F9 /* HistogramResponse.swift in Sources */,
				FA1DE1B52037A06A00ACBD17 /* ResultsImageCell.swift in Sources */,
				FAA25382204DCC3E00D6EBAA /* Image+INatLite.swift in Sources */,
				FA1DE1AA203765D800ACBD17 /* ChallengeResultsViewController.swift in Sources */,
				FA0A0DB7204085FB005B19F9 /* TaxaResponse.swift in Sources */,
				FAF849CC20435C2A009F10E3 /* MyCollectionHeaderView.swift in Sources */,
				FACB2D01204903280050053A /* AboutViewController.swift in Sources */,
				FA0A0DBD20409A0B005B19F9 /* SpeciesLocationCell.swift in Sources */,
				FA1DE19B2034F53F00ACBD17 /* Place.swift in Sources */,
				FA0A0DBB204099FB005B19F9 /* SpeciesNameCell.swift in Sources */,
				FA1DE1B3203780E000ACBD17 /* ResultsDividerCell.swift in Sources */,
				FA1DE1A02034F6CB00ACBD17 /* ChallengesHeaderView.swift in Sources */,
				FACB2D0D20490F4B0050053A /* INatCreditsCell.swift in Sources */,
				FA1DE1A62034FA1400ACBD17 /* SpeciesCountResponse.swift in Sources */,
				FACB2D0620490EF50050053A /* MadeByCell.swift in Sources */,
				FA1DE19E2034F5A400ACBD17 /* NearbyPlaceResponse.swift in Sources */,
				FA0A0DC120409A44005B19F9 /* SpeciesAboutCell.swift in Sources */,
				FA0A0DC52040A35B005B19F9 /* SpeciesCategoryCell.swift in Sources */,
				FA7DF3B12045FB0700B73B02 /* ToastView.swift in Sources */,
				FA323FDB20549F05006192C7 /* SplashViewController.swift in Sources */,
				FA1DE1982034DE0A00ACBD17 /* UIColor+INatLite.swift in Sources */,
				FAA2537E204C8FCE00D6EBAA /* CLLocationCoordinate2D+INatLite.swift in Sources */,
				FA1DE1A22034F95100ACBD17 /* Taxon.swift in Sources */,
				FA9E5FB72043837000CBC9DE /* PhotoRealm.swift in Sources */,
				FA0A0DC320409A5A005B19F9 /* SpeciesSeenStatsCell.swift in Sources */,
				FA0A0DC92040B556005B19F9 /* BoundingBox.swift in Sources */,
				FA1DE18D2034CF4400ACBD17 /* BadgesViewController.swift in Sources */,
				FA1DE1582034C77A00ACBD17 /* AppDelegate.swift in Sources */,
				FA0A0DCD2040BE04005B19F9 /* Histogram.swift in Sources */,
				FAEB5C0C20687D7500BA3132 /* INatApi.swift in Sources */,
				FA1DE1952034DA5700ACBD17 /* SpeciesCollectionViewCell.swift in Sources */,
				FA6D75AC203B6EAE00C3535F /* TaxonPickerViewController.swift in Sources */,
				FAEDCA442048BB560016CEA4 /* WarningsViewController.swift in Sources */,
			);
			runOnlyForDeploymentPostprocessing = 0;
		};
		FA1DE1642034C77A00ACBD17 /* Sources */ = {
			isa = PBXSourcesBuildPhase;
			buildActionMask = 2147483647;
			files = (
				FADB959220609D6F00DC64E8 /* PlaceTests.swift in Sources */,
			);
			runOnlyForDeploymentPostprocessing = 0;
		};
		FA1DE16F2034C77A00ACBD17 /* Sources */ = {
			isa = PBXSourcesBuildPhase;
			buildActionMask = 2147483647;
			files = (
				FA1DE1782034C77A00ACBD17 /* iNatLiteUITests.swift in Sources */,
			);
			runOnlyForDeploymentPostprocessing = 0;
		};
/* End PBXSourcesBuildPhase section */

/* Begin PBXTargetDependency section */
		FA1DE16A2034C77A00ACBD17 /* PBXTargetDependency */ = {
			isa = PBXTargetDependency;
			target = FA1DE1532034C77A00ACBD17 /* iNatLite */;
			targetProxy = FA1DE1692034C77A00ACBD17 /* PBXContainerItemProxy */;
		};
		FA1DE1752034C77A00ACBD17 /* PBXTargetDependency */ = {
			isa = PBXTargetDependency;
			target = FA1DE1532034C77A00ACBD17 /* iNatLite */;
			targetProxy = FA1DE1742034C77A00ACBD17 /* PBXContainerItemProxy */;
		};
/* End PBXTargetDependency section */

/* Begin PBXVariantGroup section */
		FA1DE15B2034C77A00ACBD17 /* Main.storyboard */ = {
			isa = PBXVariantGroup;
			children = (
				FA1DE15C2034C77A00ACBD17 /* Base */,
			);
			name = Main.storyboard;
			sourceTree = "<group>";
		};
		FA1DE1602034C77A00ACBD17 /* LaunchScreen.storyboard */ = {
			isa = PBXVariantGroup;
			children = (
				FA1DE1612034C77A00ACBD17 /* Base */,
			);
			name = LaunchScreen.storyboard;
			sourceTree = "<group>";
		};
/* End PBXVariantGroup section */

/* Begin XCBuildConfiguration section */
		FA1DE17A2034C77A00ACBD17 /* Debug */ = {
			isa = XCBuildConfiguration;
			buildSettings = {
				ALWAYS_SEARCH_USER_PATHS = NO;
				CLANG_ANALYZER_NONNULL = YES;
				CLANG_ANALYZER_NUMBER_OBJECT_CONVERSION = YES_AGGRESSIVE;
				CLANG_CXX_LANGUAGE_STANDARD = "gnu++14";
				CLANG_CXX_LIBRARY = "libc++";
				CLANG_ENABLE_MODULES = YES;
				CLANG_ENABLE_OBJC_ARC = YES;
				CLANG_WARN_BLOCK_CAPTURE_AUTORELEASING = YES;
				CLANG_WARN_BOOL_CONVERSION = YES;
				CLANG_WARN_COMMA = YES;
				CLANG_WARN_CONSTANT_CONVERSION = YES;
				CLANG_WARN_DIRECT_OBJC_ISA_USAGE = YES_ERROR;
				CLANG_WARN_DOCUMENTATION_COMMENTS = YES;
				CLANG_WARN_EMPTY_BODY = YES;
				CLANG_WARN_ENUM_CONVERSION = YES;
				CLANG_WARN_INFINITE_RECURSION = YES;
				CLANG_WARN_INT_CONVERSION = YES;
				CLANG_WARN_NON_LITERAL_NULL_CONVERSION = YES;
				CLANG_WARN_OBJC_LITERAL_CONVERSION = YES;
				CLANG_WARN_OBJC_ROOT_CLASS = YES_ERROR;
				CLANG_WARN_RANGE_LOOP_ANALYSIS = YES;
				CLANG_WARN_STRICT_PROTOTYPES = YES;
				CLANG_WARN_SUSPICIOUS_MOVE = YES;
				CLANG_WARN_UNGUARDED_AVAILABILITY = YES_AGGRESSIVE;
				CLANG_WARN_UNREACHABLE_CODE = YES;
				CLANG_WARN__DUPLICATE_METHOD_MATCH = YES;
				CODE_SIGN_IDENTITY = "iPhone Developer";
				COPY_PHASE_STRIP = NO;
				DEBUG_INFORMATION_FORMAT = dwarf;
				ENABLE_STRICT_OBJC_MSGSEND = YES;
				ENABLE_TESTABILITY = YES;
				GCC_C_LANGUAGE_STANDARD = gnu11;
				GCC_DYNAMIC_NO_PIC = NO;
				GCC_NO_COMMON_BLOCKS = YES;
				GCC_OPTIMIZATION_LEVEL = 0;
				GCC_PREPROCESSOR_DEFINITIONS = (
					"DEBUG=1",
					"$(inherited)",
				);
				GCC_WARN_64_TO_32_BIT_CONVERSION = YES;
				GCC_WARN_ABOUT_RETURN_TYPE = YES_ERROR;
				GCC_WARN_UNDECLARED_SELECTOR = YES;
				GCC_WARN_UNINITIALIZED_AUTOS = YES_AGGRESSIVE;
				GCC_WARN_UNUSED_FUNCTION = YES;
				GCC_WARN_UNUSED_VARIABLE = YES;
				IPHONEOS_DEPLOYMENT_TARGET = 11.2;
				MTL_ENABLE_DEBUG_INFO = YES;
				ONLY_ACTIVE_ARCH = YES;
				SDKROOT = iphoneos;
				SWIFT_ACTIVE_COMPILATION_CONDITIONS = DEBUG;
				SWIFT_OPTIMIZATION_LEVEL = "-Onone";
			};
			name = Debug;
		};
		FA1DE17B2034C77A00ACBD17 /* Release */ = {
			isa = XCBuildConfiguration;
			buildSettings = {
				ALWAYS_SEARCH_USER_PATHS = NO;
				CLANG_ANALYZER_NONNULL = YES;
				CLANG_ANALYZER_NUMBER_OBJECT_CONVERSION = YES_AGGRESSIVE;
				CLANG_CXX_LANGUAGE_STANDARD = "gnu++14";
				CLANG_CXX_LIBRARY = "libc++";
				CLANG_ENABLE_MODULES = YES;
				CLANG_ENABLE_OBJC_ARC = YES;
				CLANG_WARN_BLOCK_CAPTURE_AUTORELEASING = YES;
				CLANG_WARN_BOOL_CONVERSION = YES;
				CLANG_WARN_COMMA = YES;
				CLANG_WARN_CONSTANT_CONVERSION = YES;
				CLANG_WARN_DIRECT_OBJC_ISA_USAGE = YES_ERROR;
				CLANG_WARN_DOCUMENTATION_COMMENTS = YES;
				CLANG_WARN_EMPTY_BODY = YES;
				CLANG_WARN_ENUM_CONVERSION = YES;
				CLANG_WARN_INFINITE_RECURSION = YES;
				CLANG_WARN_INT_CONVERSION = YES;
				CLANG_WARN_NON_LITERAL_NULL_CONVERSION = YES;
				CLANG_WARN_OBJC_LITERAL_CONVERSION = YES;
				CLANG_WARN_OBJC_ROOT_CLASS = YES_ERROR;
				CLANG_WARN_RANGE_LOOP_ANALYSIS = YES;
				CLANG_WARN_STRICT_PROTOTYPES = YES;
				CLANG_WARN_SUSPICIOUS_MOVE = YES;
				CLANG_WARN_UNGUARDED_AVAILABILITY = YES_AGGRESSIVE;
				CLANG_WARN_UNREACHABLE_CODE = YES;
				CLANG_WARN__DUPLICATE_METHOD_MATCH = YES;
				CODE_SIGN_IDENTITY = "iPhone Developer";
				COPY_PHASE_STRIP = NO;
				DEBUG_INFORMATION_FORMAT = "dwarf-with-dsym";
				ENABLE_NS_ASSERTIONS = NO;
				ENABLE_STRICT_OBJC_MSGSEND = YES;
				GCC_C_LANGUAGE_STANDARD = gnu11;
				GCC_NO_COMMON_BLOCKS = YES;
				GCC_WARN_64_TO_32_BIT_CONVERSION = YES;
				GCC_WARN_ABOUT_RETURN_TYPE = YES_ERROR;
				GCC_WARN_UNDECLARED_SELECTOR = YES;
				GCC_WARN_UNINITIALIZED_AUTOS = YES_AGGRESSIVE;
				GCC_WARN_UNUSED_FUNCTION = YES;
				GCC_WARN_UNUSED_VARIABLE = YES;
				IPHONEOS_DEPLOYMENT_TARGET = 11.2;
				MTL_ENABLE_DEBUG_INFO = NO;
				SDKROOT = iphoneos;
				SWIFT_OPTIMIZATION_LEVEL = "-Owholemodule";
				VALIDATE_PRODUCT = YES;
			};
			name = Release;
		};
		FA1DE17D2034C77A00ACBD17 /* Debug */ = {
			isa = XCBuildConfiguration;
			baseConfigurationReference = CBC22DC9357BCAC8DA7FB1D7 /* Pods-iNatLite.debug.xcconfig */;
			buildSettings = {
				ASSETCATALOG_COMPILER_APPICON_NAME = AppIcon;
				CODE_SIGN_ENTITLEMENTS = iNatLite/iNatLite.entitlements;
				CODE_SIGN_STYLE = Automatic;
				DEVELOPMENT_TEAM = N5J7L4P93Z;
				INFOPLIST_FILE = iNatLite/Info.plist;
				LD_RUNPATH_SEARCH_PATHS = "$(inherited) @executable_path/Frameworks";
				PRODUCT_BUNDLE_IDENTIFIER = org.inaturalist.iNatLite;
				PRODUCT_NAME = "$(TARGET_NAME)";
				SWIFT_VERSION = 4.0;
				TARGETED_DEVICE_FAMILY = "1,2";
			};
			name = Debug;
		};
		FA1DE17E2034C77A00ACBD17 /* Release */ = {
			isa = XCBuildConfiguration;
			baseConfigurationReference = 879C91F67D5FBD7BCDA49BDD /* Pods-iNatLite.release.xcconfig */;
			buildSettings = {
				ASSETCATALOG_COMPILER_APPICON_NAME = AppIcon;
				CODE_SIGN_ENTITLEMENTS = iNatLite/iNatLite.entitlements;
				CODE_SIGN_STYLE = Automatic;
				DEVELOPMENT_TEAM = N5J7L4P93Z;
				INFOPLIST_FILE = iNatLite/Info.plist;
				LD_RUNPATH_SEARCH_PATHS = "$(inherited) @executable_path/Frameworks";
				PRODUCT_BUNDLE_IDENTIFIER = org.inaturalist.iNatLite;
				PRODUCT_NAME = "$(TARGET_NAME)";
				SWIFT_VERSION = 4.0;
				TARGETED_DEVICE_FAMILY = "1,2";
			};
			name = Release;
		};
		FA1DE1802034C77A00ACBD17 /* Debug */ = {
			isa = XCBuildConfiguration;
			baseConfigurationReference = A1D68563C664268D1467A5B4 /* Pods-iNatLiteTests.debug.xcconfig */;
			buildSettings = {
				ALWAYS_EMBED_SWIFT_STANDARD_LIBRARIES = YES;
				BUNDLE_LOADER = "$(TEST_HOST)";
				CODE_SIGN_STYLE = Automatic;
				DEVELOPMENT_TEAM = N5J7L4P93Z;
				INFOPLIST_FILE = iNatLiteTests/Info.plist;
				LD_RUNPATH_SEARCH_PATHS = "$(inherited) @executable_path/Frameworks @loader_path/Frameworks";
				PRODUCT_BUNDLE_IDENTIFIER = org.inaturalist.iNatLiteTests;
				PRODUCT_NAME = "$(TARGET_NAME)";
				SWIFT_VERSION = 4.0;
				TARGETED_DEVICE_FAMILY = "1,2";
				TEST_HOST = "$(BUILT_PRODUCTS_DIR)/iNatLite.app/iNatLite";
			};
			name = Debug;
		};
		FA1DE1812034C77A00ACBD17 /* Release */ = {
			isa = XCBuildConfiguration;
			baseConfigurationReference = 2F9670547C9A6ADF5EDC2959 /* Pods-iNatLiteTests.release.xcconfig */;
			buildSettings = {
				ALWAYS_EMBED_SWIFT_STANDARD_LIBRARIES = YES;
				BUNDLE_LOADER = "$(TEST_HOST)";
				CODE_SIGN_STYLE = Automatic;
				DEVELOPMENT_TEAM = N5J7L4P93Z;
				INFOPLIST_FILE = iNatLiteTests/Info.plist;
				LD_RUNPATH_SEARCH_PATHS = "$(inherited) @executable_path/Frameworks @loader_path/Frameworks";
				PRODUCT_BUNDLE_IDENTIFIER = org.inaturalist.iNatLiteTests;
				PRODUCT_NAME = "$(TARGET_NAME)";
				SWIFT_VERSION = 4.0;
				TARGETED_DEVICE_FAMILY = "1,2";
				TEST_HOST = "$(BUILT_PRODUCTS_DIR)/iNatLite.app/iNatLite";
			};
			name = Release;
		};
		FA1DE1832034C77A00ACBD17 /* Debug */ = {
			isa = XCBuildConfiguration;
			buildSettings = {
				ALWAYS_EMBED_SWIFT_STANDARD_LIBRARIES = YES;
				CODE_SIGN_STYLE = Automatic;
				DEVELOPMENT_TEAM = N5J7L4P93Z;
				INFOPLIST_FILE = iNatLiteUITests/Info.plist;
				LD_RUNPATH_SEARCH_PATHS = "$(inherited) @executable_path/Frameworks @loader_path/Frameworks";
				PRODUCT_BUNDLE_IDENTIFIER = org.inaturalist.iNatLiteUITests;
				PRODUCT_NAME = "$(TARGET_NAME)";
				SWIFT_VERSION = 4.0;
				TARGETED_DEVICE_FAMILY = "1,2";
				TEST_TARGET_NAME = iNatLite;
			};
			name = Debug;
		};
		FA1DE1842034C77A00ACBD17 /* Release */ = {
			isa = XCBuildConfiguration;
			buildSettings = {
				ALWAYS_EMBED_SWIFT_STANDARD_LIBRARIES = YES;
				CODE_SIGN_STYLE = Automatic;
				DEVELOPMENT_TEAM = N5J7L4P93Z;
				INFOPLIST_FILE = iNatLiteUITests/Info.plist;
				LD_RUNPATH_SEARCH_PATHS = "$(inherited) @executable_path/Frameworks @loader_path/Frameworks";
				PRODUCT_BUNDLE_IDENTIFIER = org.inaturalist.iNatLiteUITests;
				PRODUCT_NAME = "$(TARGET_NAME)";
				SWIFT_VERSION = 4.0;
				TARGETED_DEVICE_FAMILY = "1,2";
				TEST_TARGET_NAME = iNatLite;
			};
			name = Release;
		};
/* End XCBuildConfiguration section */

/* Begin XCConfigurationList section */
		FA1DE14F2034C77A00ACBD17 /* Build configuration list for PBXProject "iNatLite" */ = {
			isa = XCConfigurationList;
			buildConfigurations = (
				FA1DE17A2034C77A00ACBD17 /* Debug */,
				FA1DE17B2034C77A00ACBD17 /* Release */,
			);
			defaultConfigurationIsVisible = 0;
			defaultConfigurationName = Release;
		};
		FA1DE17C2034C77A00ACBD17 /* Build configuration list for PBXNativeTarget "iNatLite" */ = {
			isa = XCConfigurationList;
			buildConfigurations = (
				FA1DE17D2034C77A00ACBD17 /* Debug */,
				FA1DE17E2034C77A00ACBD17 /* Release */,
			);
			defaultConfigurationIsVisible = 0;
			defaultConfigurationName = Release;
		};
		FA1DE17F2034C77A00ACBD17 /* Build configuration list for PBXNativeTarget "iNatLiteTests" */ = {
			isa = XCConfigurationList;
			buildConfigurations = (
				FA1DE1802034C77A00ACBD17 /* Debug */,
				FA1DE1812034C77A00ACBD17 /* Release */,
			);
			defaultConfigurationIsVisible = 0;
			defaultConfigurationName = Release;
		};
		FA1DE1822034C77A00ACBD17 /* Build configuration list for PBXNativeTarget "iNatLiteUITests" */ = {
			isa = XCConfigurationList;
			buildConfigurations = (
				FA1DE1832034C77A00ACBD17 /* Debug */,
				FA1DE1842034C77A00ACBD17 /* Release */,
			);
			defaultConfigurationIsVisible = 0;
			defaultConfigurationName = Release;
		};
/* End XCConfigurationList section */
	};
	rootObject = FA1DE14C2034C77A00ACBD17 /* Project object */;
}
