PODS:
  - Alamofire (4.6.0)
  - Auk (8.0.2):
    - moa
  - Cache (4.2.0)
  - Charts (3.0.4):
    - Charts/Core (= 3.0.4)
  - Charts/Core (3.0.4)
  - CropViewController (2.3.5):
    - TOCropViewController
  - FontAwesomeKit (2.2.1):
    - FontAwesomeKit/Core (= 2.2.1)
    - FontAwesomeKit/FontAwesome (= 2.2.1)
    - FontAwesomeKit/FoundationIcons (= 2.2.1)
    - FontAwesomeKit/IonIcons (= 2.2.1)
    - FontAwesomeKit/Material (= 2.2.1)
    - FontAwesomeKit/Octicons (= 2.2.1)
    - FontAwesomeKit/Zocial (= 2.2.1)
  - FontAwesomeKit/Core (2.2.1)
  - FontAwesomeKit/FontAwesome (2.2.1):
    - FontAwesomeKit/Core
  - FontAwesomeKit/FoundationIcons (2.2.1):
    - FontAwesomeKit/Core
  - FontAwesomeKit/IonIcons (2.2.1):
    - FontAwesomeKit/Core
  - FontAwesomeKit/Material (2.2.1):
    - FontAwesomeKit/Core
  - FontAwesomeKit/Octicons (2.2.1):
    - FontAwesomeKit/Core
  - FontAwesomeKit/Zocial (2.2.1):
    - FontAwesomeKit/Core
  - Gallery (2.0.5)
  - Imaginary (3.0.2):
    - Cache (~> 4.0)
  - JSONWebToken (2.2.0)
  - moa (9.0.2)
  - PKHUD (5.0.0)
  - Realm (3.0.2):
    - Realm/Headers (= 3.0.2)
  - Realm/Headers (3.0.2)
  - RealmSwift (3.0.2):
    - Realm (= 3.0.2)
  - Toast-Swift (3.0.1)
  - TOCropViewController (2.3.6)
  - UIImageViewAlignedSwift (0.5.0)

DEPENDENCIES:
  - Alamofire (= 4.6.0)
  - Auk (= 8.0.2)
  - Charts (= 3.0.4)
  - CropViewController (= 2.3.5)
  - FontAwesomeKit (= 2.2.1)
  - Gallery (from `https://github.com/inaturalist/Gallery.git`, branch `Seek`)
  - Imaginary (= 3.0.2)
  - JSONWebToken (= 2.2.0)
  - moa (= 9.0.2)
  - PKHUD (~> 5.0)
  - RealmSwift (= 3.0.2)
  - Toast-Swift (= 3.0.1)
  - UIImageViewAlignedSwift (= 0.5.0)

EXTERNAL SOURCES:
  Gallery:
    :branch: Seek
    :git: https://github.com/inaturalist/Gallery.git

CHECKOUT OPTIONS:
  Gallery:
    :commit: c21e9a6593d9554b0206ac9f7ae029829047d084
    :git: https://github.com/inaturalist/Gallery.git

SPEC CHECKSUMS:
  Alamofire: f41a599bd63041760b26d393ec1069d9d7b917f4
  Auk: 82be62a2cf650437fe745c81b12ac2440a0f682c
  Cache: f28f8dd64b632155aabf9b3906b036a659048251
  Charts: 0705898046257443f0afbbc3179f4b67507b6e48
  CropViewController: 73a095de5605b017afdf34c6f2604569e147bcbd
  FontAwesomeKit: 3614979b3dbb0ec3f7fac1bd760b91f66c31db67
  Gallery: a64169e3384c466fc087bf9d781c901aab80b034
  Imaginary: d675200546110e305d6a26db6267c0622ffe5e6b
  JSONWebToken: 6fae32489632658d563dd6952a5c34020ea813e4
  moa: b73dc5e0efa1fad00711c4608e41b197f4d15b12
  PKHUD: 3c001512c6e002091184197a8de7a20420786e3b
  Realm: 6f23fd1f178a09342eac21bfa7c2bf4312a7a180
  RealmSwift: 695393add1b8f9d5fa75dd16e6355cf3935f71e2
  Toast-Swift: ba0b01b095aada709d915f9beb1d38184a2721c3
  TOCropViewController: 6d972f2c609372312648f96758e13a7f689efbc0
  UIImageViewAlignedSwift: 2e09096e6081ad26b848e19b4bc35a7d69165740

PODFILE CHECKSUM: 4504686c8ba071025a22c580701e8e84964bae55

COCOAPODS: 1.4.0.rc.1
