PODS:
  - Alamofire (4.6.0)
  - ALCameraViewController (3.0.2)
  - Auk (8.0.2):
    - moa
  - Cache (4.1.2)
  - Charts (3.0.4):
    - Charts/Core (= 3.0.4)
  - Charts/Core (3.0.4)
  - Crashlytics (3.9.3):
    - Fabric (~> 1.7.2)
  - CropViewController (2.3.5):
    - TOCropViewController
  - CRToast (0.0.9)
  - Fabric (1.7.2)
  - FontAwesomeKit (2.2.1):
    - FontAwesomeKit/Core (= 2.2.1)
    - FontAwesomeKit/FontAwesome (= 2.2.1)
    - FontAwesomeKit/FoundationIcons (= 2.2.1)
    - FontAwesomeKit/IonIcons (= 2.2.1)
    - FontAwesomeKit/Material (= 2.2.1)
    - FontAwesomeKit/Octicons (= 2.2.1)
    - FontAwesomeKit/Zocial (= 2.2.1)
  - FontAwesomeKit/Core (2.2.1)
  - FontAwesomeKit/FontAwesome (2.2.1):
    - FontAwesomeKit/Core
  - FontAwesomeKit/FoundationIcons (2.2.1):
    - FontAwesomeKit/Core
  - FontAwesomeKit/IonIcons (2.2.1):
    - FontAwesomeKit/Core
  - FontAwesomeKit/Material (2.2.1):
    - FontAwesomeKit/Core
  - FontAwesomeKit/Octicons (2.2.1):
    - FontAwesomeKit/Core
  - FontAwesomeKit/Zocial (2.2.1):
    - FontAwesomeKit/Core
  - Gallery (2.0.6)
  - Imaginary (3.0.2):
    - Cache (~> 4.0)
  - JSONWebToken (2.2.0)
  - moa (9.0.2)
  - PKHUD (5.0.0)
  - Realm (3.0.2):
    - Realm/Headers (= 3.0.2)
  - Realm/Headers (3.0.2)
  - RealmSwift (3.0.2):
    - Realm (= 3.0.2)
  - Toast-Swift (3.0.1)
  - TOCropViewController (2.3.5)
  - UIImageViewAlignedSwift (0.5.0)

DEPENDENCIES:
  - Alamofire
  - ALCameraViewController
  - Auk (~> 8.0)
  - Charts
  - Crashlytics
  - CropViewController
  - CRToast
  - Fabric
  - FontAwesomeKit
  - Gallery (from `https://github.com/alexshepard/Gallery.git`)
  - Imaginary
  - JSONWebToken
  - moa (~> 9.0)
  - PKHUD (~> 5.0)
  - RealmSwift
  - Toast-Swift
  - UIImageViewAlignedSwift

EXTERNAL SOURCES:
  Gallery:
    :git: https://github.com/alexshepard/Gallery.git

CHECKOUT OPTIONS:
  Gallery:
    :commit: ba876ee661286029d83d0bdb9bf5573f1fd481ef
    :git: https://github.com/alexshepard/Gallery.git

SPEC CHECKSUMS:
  Alamofire: f41a599bd63041760b26d393ec1069d9d7b917f4
  ALCameraViewController: 1edce3497633f0df138523645ed1228961ee2eab
  Auk: 82be62a2cf650437fe745c81b12ac2440a0f682c
  Cache: bd0233fc688b5e83a27bcd87807db7e6f23adcc5
  Charts: 0705898046257443f0afbbc3179f4b67507b6e48
  Crashlytics: dbb07d01876c171c5ccbdf7826410380189e452c
  CropViewController: 73a095de5605b017afdf34c6f2604569e147bcbd
  CRToast: 5a78c22b921c5ed3487488af605bc403a9c92fed
  Fabric: 9cd6a848efcf1b8b07497e0b6a2e7d336353ba15
  FontAwesomeKit: 3614979b3dbb0ec3f7fac1bd760b91f66c31db67
  Gallery: f75c3faefcb5da2cae2150ce3db29fcfbeed8b0f
  Imaginary: d675200546110e305d6a26db6267c0622ffe5e6b
  JSONWebToken: 6fae32489632658d563dd6952a5c34020ea813e4
  moa: b73dc5e0efa1fad00711c4608e41b197f4d15b12
  PKHUD: 3c001512c6e002091184197a8de7a20420786e3b
  Realm: 6f23fd1f178a09342eac21bfa7c2bf4312a7a180
  RealmSwift: 695393add1b8f9d5fa75dd16e6355cf3935f71e2
  Toast-Swift: ba0b01b095aada709d915f9beb1d38184a2721c3
  TOCropViewController: a21b39c910d161600a26b6e3f89a58707afaa4f8
  UIImageViewAlignedSwift: 2e09096e6081ad26b848e19b4bc35a7d69165740

PODFILE CHECKSUM: 8554beb3626845a83992030ac7dabe2cc8ae36c1

COCOAPODS: 1.4.0.rc.1
