PODS:
  - Alamofire (4.8.1)
  - Auk (9.0.0):
    - moa
  - Cache (5.2.0)
  - Charts (3.2.2):
    - Charts/Core (= 3.2.2)
  - Charts/Core (3.2.2)
  - CropViewController (2.4.0)
  - CRToast (0.0.9)
  - FontAwesomeKit (2.2.1):
    - FontAwesomeKit/Core (= 2.2.1)
    - FontAwesomeKit/FontAwesome (= 2.2.1)
    - FontAwesomeKit/FoundationIcons (= 2.2.1)
    - FontAwesomeKit/IonIcons (= 2.2.1)
    - FontAwesomeKit/Material (= 2.2.1)
    - FontAwesomeKit/Octicons (= 2.2.1)
    - FontAwesomeKit/Zocial (= 2.2.1)
  - FontAwesomeKit/Core (2.2.1)
  - FontAwesomeKit/FontAwesome (2.2.1):
    - FontAwesomeKit/Core
  - FontAwesomeKit/FoundationIcons (2.2.1):
    - FontAwesomeKit/Core
  - FontAwesomeKit/IonIcons (2.2.1):
    - FontAwesomeKit/Core
  - FontAwesomeKit/Material (2.2.1):
    - FontAwesomeKit/Core
  - FontAwesomeKit/Octicons (2.2.1):
    - FontAwesomeKit/Core
  - FontAwesomeKit/Zocial (2.2.1):
    - FontAwesomeKit/Core
  - Gallery (2.2.0)
  - Imaginary (4.2.0):
    - Cache (~> 5.0)
  - JSONWebToken (2.2.0)
  - moa (10.0.0)
  - PKHUD (5.2.1)
  - Realm (3.13.1):
    - Realm/Headers (= 3.13.1)
  - Realm/Headers (3.13.1)
  - RealmSwift (3.13.1):
    - Realm (= 3.13.1)
  - Toast-Swift (4.0.1)
  - UIImageViewAlignedSwift (0.5.0)

DEPENDENCIES:
  - Alamofire (= 4.8.1)
  - Auk (= 9.0.0)
  - Cache (= 5.2.0)
  - Charts (= 3.2.2)
  - CropViewController (= 2.4.0)
  - CRToast (= 0.0.9)
  - FontAwesomeKit (= 2.2.1)
  - Gallery (= 2.2.0)
  - Imaginary (= 4.2.0)
  - JSONWebToken (= 2.2.0)
  - moa (= 10.0.0)
  - PKHUD (~> 5.0)
  - RealmSwift (= 3.13.1)
  - Toast-Swift (= 4.0.1)
  - UIImageViewAlignedSwift (= 0.5.0)

SPEC REPOS:
  https://github.com/cocoapods/specs.git:
    - Alamofire
    - Auk
    - Cache
    - Charts
    - CropViewController
    - CRToast
    - FontAwesomeKit
    - Gallery
    - Imaginary
    - JSONWebToken
    - moa
    - PKHUD
    - Realm
    - RealmSwift
    - Toast-Swift
    - UIImageViewAlignedSwift

SPEC CHECKSUMS:
  Alamofire: 16ce2c353fb72865124ddae8a57c5942388f4f11
  Auk: 13f9bbb5a2f554b4e5b2502982188a4982bc9398
  Cache: 807c5d86d01a177f06ede9865add3aea269bbfd4
  Charts: f69cf0518b6d1d62608ca504248f1bbe0b6ae77e
  CropViewController: a090820b15fc3da68e694d7c192a4708c576828b
  CRToast: 5a78c22b921c5ed3487488af605bc403a9c92fed
  FontAwesomeKit: 3614979b3dbb0ec3f7fac1bd760b91f66c31db67
  Gallery: 3f4c780c4b22906d6b0a5e55d12167cdc4b4fc5b
  Imaginary: dae33d06dbc2ada22f98afef5eb45cc061311a2c
  JSONWebToken: 6fae32489632658d563dd6952a5c34020ea813e4
  moa: 95c863fd1059e6b5c7f6be30627823bb07ebca25
  PKHUD: 4e6162c4c39ac367c6934e9855c6b4762ee16256
  Realm: 50071da38fe079e0735e47c9f2eae738c68c5996
  RealmSwift: 8a1e6a02b7a08cd17a31e3115143fb69fe5f3fb9
  Toast-Swift: e42a638589a2f95036b4bb7626cfbdde7daf0393
  UIImageViewAlignedSwift: 2e09096e6081ad26b848e19b4bc35a7d69165740

PODFILE CHECKSUM: 0628c8081255ee865c5acb9b838018e9d555cabc

COCOAPODS: 1.5.3
